// !$*UTF8*$!
{
	archiveVersion = 1;
	classes = {
	};
	objectVersion = 46;
	objects = {

/* Begin PBXBuildFile section */
		3A1138A21A80D538008799D7 /* main.m in Sources */ = {isa = PBXBuildFile; fileRef = 3A1138A11A80D538008799D7 /* main.m */; };
		3A1138A51A80D538008799D7 /* AppDelegate.m in Sources */ = {isa = PBXBuildFile; fileRef = 3A1138A41A80D538008799D7 /* AppDelegate.m */; };
		3A1138A81A80D538008799D7 /* ViewController.m in Sources */ = {isa = PBXBuildFile; fileRef = 3A1138A71A80D538008799D7 /* ViewController.m */; };
		3A1138AB1A80D538008799D7 /* Main.storyboard in Resources */ = {isa = PBXBuildFile; fileRef = 3A1138A91A80D538008799D7 /* Main.storyboard */; };
		3A1138AD1A80D538008799D7 /* Images.xcassets in Resources */ = {isa = PBXBuildFile; fileRef = 3A1138AC1A80D538008799D7 /* Images.xcassets */; };
		3A1138B01A80D538008799D7 /* LaunchScreen.xib in Resources */ = {isa = PBXBuildFile; fileRef = 3A1138AE1A80D538008799D7 /* LaunchScreen.xib */; };
		3A1138BC1A80D538008799D7 /* CustomSwitchTests.m in Sources */ = {isa = PBXBuildFile; fileRef = 3A1138BB1A80D538008799D7 /* CustomSwitchTests.m */; };
		3A1138C71A80D56C008799D7 /* CustomSwitch.m in Sources */ = {isa = PBXBuildFile; fileRef = 3A1138C61A80D56C008799D7 /* CustomSwitch.m */; };
		3A1138CA1A80D682008799D7 /* SwitchItem.m in Sources */ = {isa = PBXBuildFile; fileRef = 3A1138C91A80D682008799D7 /* SwitchItem.m */; };
/* End PBXBuildFile section */

/* Begin PBXContainerItemProxy section */
		3A1138B61A80D538008799D7 /* PBXContainerItemProxy */ = {
			isa = PBXContainerItemProxy;
			containerPortal = 3A1138941A80D538008799D7 /* Project object */;
			proxyType = 1;
			remoteGlobalIDString = 3A11389B1A80D538008799D7;
			remoteInfo = CustomSwitch;
		};
/* End PBXContainerItemProxy section */

/* Begin PBXFileReference section */
		3A11389C1A80D538008799D7 /* CustomSwitch.app */ = {isa = PBXFileReference; explicitFileType = wrapper.application; includeInIndex = 0; path = CustomSwitch.app; sourceTree = BUILT_PRODUCTS_DIR; };
		3A1138A01A80D538008799D7 /* Info.plist */ = {isa = PBXFileReference; lastKnownFileType = text.plist.xml; path = Info.plist; sourceTree = "<group>"; };
		3A1138A11A80D538008799D7 /* main.m */ = {isa = PBXFileReference; lastKnownFileType = sourcecode.c.objc; path = main.m; sourceTree = "<group>"; };
		3A1138A31A80D538008799D7 /* AppDelegate.h */ = {isa = PBXFileReference; lastKnownFileType = sourcecode.c.h; path = AppDelegate.h; sourceTree = "<group>"; };
		3A1138A41A80D538008799D7 /* AppDelegate.m */ = {isa = PBXFileReference; lastKnownFileType = sourcecode.c.objc; path = AppDelegate.m; sourceTree = "<group>"; };
		3A1138A61A80D538008799D7 /* ViewController.h */ = {isa = PBXFileReference; lastKnownFileType = sourcecode.c.h; path = ViewController.h; sourceTree = "<group>"; };
		3A1138A71A80D538008799D7 /* ViewController.m */ = {isa = PBXFileReference; lastKnownFileType = sourcecode.c.objc; path = ViewController.m; sourceTree = "<group>"; };
		3A1138AA1A80D538008799D7 /* Base */ = {isa = PBXFileReference; lastKnownFileType = file.storyboard; name = Base; path = Base.lproj/Main.storyboard; sourceTree = "<group>"; };
		3A1138AC1A80D538008799D7 /* Images.xcassets */ = {isa = PBXFileReference; lastKnownFileType = folder.assetcatalog; path = Images.xcassets; sourceTree = "<group>"; };
		3A1138AF1A80D538008799D7 /* Base */ = {isa = PBXFileReference; lastKnownFileType = file.xib; name = Base; path = Base.lproj/LaunchScreen.xib; sourceTree = "<group>"; };
		3A1138B51A80D538008799D7 /* CustomSwitchTests.xctest */ = {isa = PBXFileReference; explicitFileType = wrapper.cfbundle; includeInIndex = 0; path = CustomSwitchTests.xctest; sourceTree = BUILT_PRODUCTS_DIR; };
		3A1138BA1A80D538008799D7 /* Info.plist */ = {isa = PBXFileReference; lastKnownFileType = text.plist.xml; path = Info.plist; sourceTree = "<group>"; };
		3A1138BB1A80D538008799D7 /* CustomSwitchTests.m */ = {isa = PBXFileReference; lastKnownFileType = sourcecode.c.objc; path = CustomSwitchTests.m; sourceTree = "<group>"; };
		3A1138C51A80D56C008799D7 /* CustomSwitch.h */ = {isa = PBXFileReference; fileEncoding = 4; lastKnownFileType = sourcecode.c.h; path = CustomSwitch.h; sourceTree = "<group>"; };
		3A1138C61A80D56C008799D7 /* CustomSwitch.m */ = {isa = PBXFileReference; fileEncoding = 4; lastKnownFileType = sourcecode.c.objc; path = CustomSwitch.m; sourceTree = "<group>"; };
		3A1138C81A80D682008799D7 /* SwitchItem.h */ = {isa = PBXFileReference; fileEncoding = 4; lastKnownFileType = sourcecode.c.h; path = SwitchItem.h; sourceTree = "<group>"; };
		3A1138C91A80D682008799D7 /* SwitchItem.m */ = {isa = PBXFileReference; fileEncoding = 4; lastKnownFileType = sourcecode.c.objc; path = SwitchItem.m; sourceTree = "<group>"; };
/* End PBXFileReference section */

/* Begin PBXFrameworksBuildPhase section */
		3A1138991A80D538008799D7 /* Frameworks */ = {
			isa = PBXFrameworksBuildPhase;
			buildActionMask = 2147483647;
			files = (
			);
			runOnlyForDeploymentPostprocessing = 0;
		};
		3A1138B21A80D538008799D7 /* Frameworks */ = {
			isa = PBXFrameworksBuildPhase;
			buildActionMask = 2147483647;
			files = (
			);
			runOnlyForDeploymentPostprocessing = 0;
		};
/* End PBXFrameworksBuildPhase section */

/* Begin PBXGroup section */
		3A1138931A80D538008799D7 = {
			isa = PBXGroup;
			children = (
				3A11389E1A80D538008799D7 /* CustomSwitch */,
				3A1138B81A80D538008799D7 /* CustomSwitchTests */,
				3A11389D1A80D538008799D7 /* Products */,
			);
			sourceTree = "<group>";
		};
		3A11389D1A80D538008799D7 /* Products */ = {
			isa = PBXGroup;
			children = (
				3A11389C1A80D538008799D7 /* CustomSwitch.app */,
				3A1138B51A80D538008799D7 /* CustomSwitchTests.xctest */,
			);
			name = Products;
			sourceTree = "<group>";
		};
		3A11389E1A80D538008799D7 /* CustomSwitch */ = {
			isa = PBXGroup;
			children = (
				3A1138A31A80D538008799D7 /* AppDelegate.h */,
				3A1138A41A80D538008799D7 /* AppDelegate.m */,
				3A1138A61A80D538008799D7 /* ViewController.h */,
				3A1138A71A80D538008799D7 /* ViewController.m */,
				3A1138C51A80D56C008799D7 /* CustomSwitch.h */,
				3A1138C61A80D56C008799D7 /* CustomSwitch.m */,
				3A1138C81A80D682008799D7 /* SwitchItem.h */,
				3A1138C91A80D682008799D7 /* SwitchItem.m */,
				3A1138A91A80D538008799D7 /* Main.storyboard */,
				3A1138AC1A80D538008799D7 /* Images.xcassets */,
				3A1138AE1A80D538008799D7 /* LaunchScreen.xib */,
				3A11389F1A80D538008799D7 /* Supporting Files */,
			);
			path = CustomSwitch;
			sourceTree = "<group>";
		};
		3A11389F1A80D538008799D7 /* Supporting Files */ = {
			isa = PBXGroup;
			children = (
				3A1138A01A80D538008799D7 /* Info.plist */,
				3A1138A11A80D538008799D7 /* main.m */,
			);
			name = "Supporting Files";
			sourceTree = "<group>";
		};
		3A1138B81A80D538008799D7 /* CustomSwitchTests */ = {
			isa = PBXGroup;
			children = (
				3A1138BB1A80D538008799D7 /* CustomSwitchTests.m */,
				3A1138B91A80D538008799D7 /* Supporting Files */,
			);
			path = CustomSwitchTests;
			sourceTree = "<group>";
		};
		3A1138B91A80D538008799D7 /* Supporting Files */ = {
			isa = PBXGroup;
			children = (
				3A1138BA1A80D538008799D7 /* Info.plist */,
			);
			name = "Supporting Files";
			sourceTree = "<group>";
		};
/* End PBXGroup section */

/* Begin PBXNativeTarget section */
		3A11389B1A80D538008799D7 /* CustomSwitch */ = {
			isa = PBXNativeTarget;
			buildConfigurationList = 3A1138BF1A80D538008799D7 /* Build configuration list for PBXNativeTarget "CustomSwitch" */;
			buildPhases = (
				3A1138981A80D538008799D7 /* Sources */,
				3A1138991A80D538008799D7 /* Frameworks */,
				3A11389A1A80D538008799D7 /* Resources */,
			);
			buildRules = (
			);
			dependencies = (
			);
			name = CustomSwitch;
			productName = CustomSwitch;
			productReference = 3A11389C1A80D538008799D7 /* CustomSwitch.app */;
			productType = "com.apple.product-type.application";
		};
		3A1138B41A80D538008799D7 /* CustomSwitchTests */ = {
			isa = PBXNativeTarget;
			buildConfigurationList = 3A1138C21A80D538008799D7 /* Build configuration list for PBXNativeTarget "CustomSwitchTests" */;
			buildPhases = (
				3A1138B11A80D538008799D7 /* Sources */,
				3A1138B21A80D538008799D7 /* Frameworks */,
				3A1138B31A80D538008799D7 /* Resources */,
			);
			buildRules = (
			);
			dependencies = (
				3A1138B71A80D538008799D7 /* PBXTargetDependency */,
			);
			name = CustomSwitchTests;
			productName = CustomSwitchTests;
			productReference = 3A1138B51A80D538008799D7 /* CustomSwitchTests.xctest */;
			productType = "com.apple.product-type.bundle.unit-test";
		};
/* End PBXNativeTarget section */

/* Begin PBXProject section */
		3A1138941A80D538008799D7 /* Project object */ = {
			isa = PBXProject;
			attributes = {
				LastUpgradeCheck = 0610;
				ORGANIZATIONNAME = enuke;
				TargetAttributes = {
					3A11389B1A80D538008799D7 = {
						CreatedOnToolsVersion = 6.1.1;
					};
					3A1138B41A80D538008799D7 = {
						CreatedOnToolsVersion = 6.1.1;
						TestTargetID = 3A11389B1A80D538008799D7;
					};
				};
			};
			buildConfigurationList = 3A1138971A80D538008799D7 /* Build configuration list for PBXProject "CustomSwitch" */;
			compatibilityVersion = "Xcode 3.2";
			developmentRegion = English;
			hasScannedForEncodings = 0;
			knownRegions = (
				en,
				Base,
			);
			mainGroup = 3A1138931A80D538008799D7;
			productRefGroup = 3A11389D1A80D538008799D7 /* Products */;
			projectDirPath = "";
			projectRoot = "";
			targets = (
				3A11389B1A80D538008799D7 /* CustomSwitch */,
				3A1138B41A80D538008799D7 /* CustomSwitchTests */,
			);
		};
/* End PBXProject section */

/* Begin PBXResourcesBuildPhase section */
		3A11389A1A80D538008799D7 /* Resources */ = {
			isa = PBXResourcesBuildPhase;
			buildActionMask = 2147483647;
			files = (
				3A1138AB1A80D538008799D7 /* Main.storyboard in Resources */,
				3A1138B01A80D538008799D7 /* LaunchScreen.xib in Resources */,
				3A1138AD1A80D538008799D7 /* Images.xcassets in Resources */,
			);
			runOnlyForDeploymentPostprocessing = 0;
		};
		3A1138B31A80D538008799D7 /* Resources */ = {
			isa = PBXResourcesBuildPhase;
			buildActionMask = 2147483647;
			files = (
			);
			runOnlyForDeploymentPostprocessing = 0;
		};
/* End PBXResourcesBuildPhase section */

/* Begin PBXSourcesBuildPhase section */
		3A1138981A80D538008799D7 /* Sources */ = {
			isa = PBXSourcesBuildPhase;
			buildActionMask = 2147483647;
			files = (
				3A1138CA1A80D682008799D7 /* SwitchItem.m in Sources */,
				3A1138A81A80D538008799D7 /* ViewController.m in Sources */,
				3A1138A51A80D538008799D7 /* AppDelegate.m in Sources */,
				3A1138C71A80D56C008799D7 /* CustomSwitch.m in Sources */,
				3A1138A21A80D538008799D7 /* main.m in Sources */,
			);
			runOnlyForDeploymentPostprocessing = 0;
		};
		3A1138B11A80D538008799D7 /* Sources */ = {
			isa = PBXSourcesBuildPhase;
			buildActionMask = 2147483647;
			files = (
				3A1138BC1A80D538008799D7 /* CustomSwitchTests.m in Sources */,
			);
			runOnlyForDeploymentPostprocessing = 0;
		};
/* End PBXSourcesBuildPhase section */

/* Begin PBXTargetDependency section */
		3A1138B71A80D538008799D7 /* PBXTargetDependency */ = {
			isa = PBXTargetDependency;
			target = 3A11389B1A80D538008799D7 /* CustomSwitch */;
			targetProxy = 3A1138B61A80D538008799D7 /* PBXContainerItemProxy */;
		};
/* End PBXTargetDependency section */

/* Begin PBXVariantGroup section */
		3A1138A91A80D538008799D7 /* Main.storyboard */ = {
			isa = PBXVariantGroup;
			children = (
				3A1138AA1A80D538008799D7 /* Base */,
			);
			name = Main.storyboard;
			sourceTree = "<group>";
		};
		3A1138AE1A80D538008799D7 /* LaunchScreen.xib */ = {
			isa = PBXVariantGroup;
			children = (
				3A1138AF1A80D538008799D7 /* Base */,
			);
			name = LaunchScreen.xib;
			sourceTree = "<group>";
		};
/* End PBXVariantGroup section */

/* Begin XCBuildConfiguration section */
		3A1138BD1A80D538008799D7 /* Debug */ = {
			isa = XCBuildConfiguration;
			buildSettings = {
				ALWAYS_SEARCH_USER_PATHS = NO;
				CLANG_CXX_LANGUAGE_STANDARD = "gnu++0x";
				CLANG_CXX_LIBRARY = "libc++";
				CLANG_ENABLE_MODULES = YES;
				CLANG_ENABLE_OBJC_ARC = YES;
				CLANG_WARN_BOOL_CONVERSION = YES;
				CLANG_WARN_CONSTANT_CONVERSION = YES;
				CLANG_WARN_DIRECT_OBJC_ISA_USAGE = YES_ERROR;
				CLANG_WARN_EMPTY_BODY = YES;
				CLANG_WARN_ENUM_CONVERSION = YES;
				CLANG_WARN_INT_CONVERSION = YES;
				CLANG_WARN_OBJC_ROOT_CLASS = YES_ERROR;
				CLANG_WARN_UNREACHABLE_CODE = YES;
				CLANG_WARN__DUPLICATE_METHOD_MATCH = YES;
				"CODE_SIGN_IDENTITY[sdk=iphoneos*]" = "iPhone Developer";
				COPY_PHASE_STRIP = NO;
				ENABLE_STRICT_OBJC_MSGSEND = YES;
				GCC_C_LANGUAGE_STANDARD = gnu99;
				GCC_DYNAMIC_NO_PIC = NO;
				GCC_OPTIMIZATION_LEVEL = 0;
				GCC_PREPROCESSOR_DEFINITIONS = (
					"DEBUG=1",
					"$(inherited)",
				);
				GCC_SYMBOLS_PRIVATE_EXTERN = NO;
				GCC_WARN_64_TO_32_BIT_CONVERSION = YES;
				GCC_WARN_ABOUT_RETURN_TYPE = YES_ERROR;
				GCC_WARN_UNDECLARED_SELECTOR = YES;
				GCC_WARN_UNINITIALIZED_AUTOS = YES_AGGRESSIVE;
				GCC_WARN_UNUSED_FUNCTION = YES;
				GCC_WARN_UNUSED_VARIABLE = YES;
				IPHONEOS_DEPLOYMENT_TARGET = 8.1;
				MTL_ENABLE_DEBUG_INFO = YES;
				ONLY_ACTIVE_ARCH = YES;
				SDKROOT = iphoneos;
				TARGETED_DEVICE_FAMILY = "1,2";
			};
			name = Debug;
		};
		3A1138BE1A80D538008799D7 /* Release */ = {
			isa = XCBuildConfiguration;
			buildSettings = {
				ALWAYS_SEARCH_USER_PATHS = NO;
				CLANG_CXX_LANGUAGE_STANDARD = "gnu++0x";
				CLANG_CXX_LIBRARY = "libc++";
				CLANG_ENABLE_MODULES = YES;
				CLANG_ENABLE_OBJC_ARC = YES;
				CLANG_WARN_BOOL_CONVERSION = YES;
				CLANG_WARN_CONSTANT_CONVERSION = YES;
				CLANG_WARN_DIRECT_OBJC_ISA_USAGE = YES_ERROR;
				CLANG_WARN_EMPTY_BODY = YES;
				CLANG_WARN_ENUM_CONVERSION = YES;
				CLANG_WARN_INT_CONVERSION = YES;
				CLANG_WARN_OBJC_ROOT_CLASS = YES_ERROR;
				CLANG_WARN_UNREACHABLE_CODE = YES;
				CLANG_WARN__DUPLICATE_METHOD_MATCH = YES;
				"CODE_SIGN_IDENTITY[sdk=iphoneos*]" = "iPhone Developer";
				COPY_PHASE_STRIP = YES;
				ENABLE_NS_ASSERTIONS = NO;
				ENABLE_STRICT_OBJC_MSGSEND = YES;
				GCC_C_LANGUAGE_STANDARD = gnu99;
				GCC_WARN_64_TO_32_BIT_CONVERSION = YES;
				GCC_WARN_ABOUT_RETURN_TYPE = YES_ERROR;
				GCC_WARN_UNDECLARED_SELECTOR = YES;
				GCC_WARN_UNINITIALIZED_AUTOS = YES_AGGRESSIVE;
				GCC_WARN_UNUSED_FUNCTION = YES;
				GCC_WARN_UNUSED_VARIABLE = YES;
				IPHONEOS_DEPLOYMENT_TARGET = 8.1;
				MTL_ENABLE_DEBUG_INFO = NO;
				SDKROOT = iphoneos;
				TARGETED_DEVICE_FAMILY = "1,2";
				VALIDATE_PRODUCT = YES;
			};
			name = Release;
		};
		3A1138C01A80D538008799D7 /* Debug */ = {
			isa = XCBuildConfiguration;
			buildSettings = {
				ASSETCATALOG_COMPILER_APPICON_NAME = AppIcon;
				INFOPLIST_FILE = CustomSwitch/Info.plist;
				LD_RUNPATH_SEARCH_PATHS = "$(inherited) @executable_path/Frameworks";
				PRODUCT_NAME = "$(TARGET_NAME)";
			};
			name = Debug;
		};
		3A1138C11A80D538008799D7 /* Release */ = {
			isa = XCBuildConfiguration;
			buildSettings = {
				ASSETCATALOG_COMPILER_APPICON_NAME = AppIcon;
				INFOPLIST_FILE = CustomSwitch/Info.plist;
				LD_RUNPATH_SEARCH_PATHS = "$(inherited) @executable_path/Frameworks";
				PRODUCT_NAME = "$(TARGET_NAME)";
			};
			name = Release;
		};
		3A1138C31A80D538008799D7 /* Debug */ = {
			isa = XCBuildConfiguration;
			buildSettings = {
				BUNDLE_LOADER = "$(TEST_HOST)";
				FRAMEWORK_SEARCH_PATHS = (
					"$(SDKROOT)/Developer/Library/Frameworks",
					"$(inherited)",
				);
				GCC_PREPROCESSOR_DEFINITIONS = (
					"DEBUG=1",
					"$(inherited)",
				);
				INFOPLIST_FILE = CustomSwitchTests/Info.plist;
				LD_RUNPATH_SEARCH_PATHS = "$(inherited) @executable_path/Frameworks @loader_path/Frameworks";
				PRODUCT_NAME = "$(TARGET_NAME)";
				TEST_HOST = "$(BUILT_PRODUCTS_DIR)/CustomSwitch.app/CustomSwitch";
			};
			name = Debug;
		};
		3A1138C41A80D538008799D7 /* Release */ = {
			isa = XCBuildConfiguration;
			buildSettings = {
				BUNDLE_LOADER = "$(TEST_HOST)";
				FRAMEWORK_SEARCH_PATHS = (
					"$(SDKROOT)/Developer/Library/Frameworks",
					"$(inherited)",
				);
				INFOPLIST_FILE = CustomSwitchTests/Info.plist;
				LD_RUNPATH_SEARCH_PATHS = "$(inherited) @executable_path/Frameworks @loader_path/Frameworks";
				PRODUCT_NAME = "$(TARGET_NAME)";
				TEST_HOST = "$(BUILT_PRODUCTS_DIR)/CustomSwitch.app/CustomSwitch";
			};
			name = Release;
		};
/* End XCBuildConfiguration section */

/* Begin XCConfigurationList section */
		3A1138971A80D538008799D7 /* Build configuration list for PBXProject "CustomSwitch" */ = {
			isa = XCConfigurationList;
			buildConfigurations = (
				3A1138BD1A80D538008799D7 /* Debug */,
				3A1138BE1A80D538008799D7 /* Release */,
			);
			defaultConfigurationIsVisible = 0;
			defaultConfigurationName = Release;
		};
		3A1138BF1A80D538008799D7 /* Build configuration list for PBXNativeTarget "CustomSwitch" */ = {
			isa = XCConfigurationList;
			buildConfigurations = (
				3A1138C01A80D538008799D7 /* Debug */,
				3A1138C11A80D538008799D7 /* Release */,
			);
			defaultConfigurationIsVisible = 0;
		};
		3A1138C21A80D538008799D7 /* Build configuration list for PBXNativeTarget "CustomSwitchTests" */ = {
			isa = XCConfigurationList;
			buildConfigurations = (
				3A1138C31A80D538008799D7 /* Debug */,
				3A1138C41A80D538008799D7 /* Release */,
			);
			defaultConfigurationIsVisible = 0;
		};
/* End XCConfigurationList section */
	};
	rootObject = 3A1138941A80D538008799D7 /* Project object */;
}
