// !$*UTF8*$!
{
	archiveVersion = 1;
	classes = {
	};
	objectVersion = 46;
	objects = {

/* Begin PBXBuildFile section */
		3AB5877F1A79E13D000AF4C3 /* main.m in Sources */ = {isa = PBXBuildFile; fileRef = 3AB5877E1A79E13D000AF4C3 /* main.m */; };
		3AB587821A79E13D000AF4C3 /* AppDelegate.m in Sources */ = {isa = PBXBuildFile; fileRef = 3AB587811A79E13D000AF4C3 /* AppDelegate.m */; };
		3AB587851A79E13D000AF4C3 /* ViewController.m in Sources */ = {isa = PBXBuildFile; fileRef = 3AB587841A79E13D000AF4C3 /* ViewController.m */; };
		3AB587881A79E13D000AF4C3 /* Main.storyboard in Resources */ = {isa = PBXBuildFile; fileRef = 3AB587861A79E13D000AF4C3 /* Main.storyboard */; };
		3AB5878A1A79E13D000AF4C3 /* Images.xcassets in Resources */ = {isa = PBXBuildFile; fileRef = 3AB587891A79E13D000AF4C3 /* Images.xcassets */; };
		3AB5878D1A79E13D000AF4C3 /* LaunchScreen.xib in Resources */ = {isa = PBXBuildFile; fileRef = 3AB5878B1A79E13D000AF4C3 /* LaunchScreen.xib */; };
		3AB587991A79E13D000AF4C3 /* WebViewDemoTests.m in Sources */ = {isa = PBXBuildFile; fileRef = 3AB587981A79E13D000AF4C3 /* WebViewDemoTests.m */; };
		3AB587A31A79E237000AF4C3 /* Untitled.html in Resources */ = {isa = PBXBuildFile; fileRef = 3AB587A21A79E237000AF4C3 /* Untitled.html */; };
/* End PBXBuildFile section */

/* Begin PBXContainerItemProxy section */
		3AB587931A79E13D000AF4C3 /* PBXContainerItemProxy */ = {
			isa = PBXContainerItemProxy;
			containerPortal = 3AB587711A79E13D000AF4C3 /* Project object */;
			proxyType = 1;
			remoteGlobalIDString = 3AB587781A79E13D000AF4C3;
			remoteInfo = WebViewDemo;
		};
/* End PBXContainerItemProxy section */

/* Begin PBXFileReference section */
		3AB587791A79E13D000AF4C3 /* WebViewDemo.app */ = {isa = PBXFileReference; explicitFileType = wrapper.application; includeInIndex = 0; path = WebViewDemo.app; sourceTree = BUILT_PRODUCTS_DIR; };
		3AB5877D1A79E13D000AF4C3 /* Info.plist */ = {isa = PBXFileReference; lastKnownFileType = text.plist.xml; path = Info.plist; sourceTree = "<group>"; };
		3AB5877E1A79E13D000AF4C3 /* main.m */ = {isa = PBXFileReference; lastKnownFileType = sourcecode.c.objc; path = main.m; sourceTree = "<group>"; };
		3AB587801A79E13D000AF4C3 /* AppDelegate.h */ = {isa = PBXFileReference; lastKnownFileType = sourcecode.c.h; path = AppDelegate.h; sourceTree = "<group>"; };
		3AB587811A79E13D000AF4C3 /* AppDelegate.m */ = {isa = PBXFileReference; lastKnownFileType = sourcecode.c.objc; path = AppDelegate.m; sourceTree = "<group>"; };
		3AB587831A79E13D000AF4C3 /* ViewController.h */ = {isa = PBXFileReference; lastKnownFileType = sourcecode.c.h; path = ViewController.h; sourceTree = "<group>"; };
		3AB587841A79E13D000AF4C3 /* ViewController.m */ = {isa = PBXFileReference; lastKnownFileType = sourcecode.c.objc; path = ViewController.m; sourceTree = "<group>"; };
		3AB587871A79E13D000AF4C3 /* Base */ = {isa = PBXFileReference; lastKnownFileType = file.storyboard; name = Base; path = Base.lproj/Main.storyboard; sourceTree = "<group>"; };
		3AB587891A79E13D000AF4C3 /* Images.xcassets */ = {isa = PBXFileReference; lastKnownFileType = folder.assetcatalog; path = Images.xcassets; sourceTree = "<group>"; };
		3AB5878C1A79E13D000AF4C3 /* Base */ = {isa = PBXFileReference; lastKnownFileType = file.xib; name = Base; path = Base.lproj/LaunchScreen.xib; sourceTree = "<group>"; };
		3AB587921A79E13D000AF4C3 /* WebViewDemoTests.xctest */ = {isa = PBXFileReference; explicitFileType = wrapper.cfbundle; includeInIndex = 0; path = WebViewDemoTests.xctest; sourceTree = BUILT_PRODUCTS_DIR; };
		3AB587971A79E13D000AF4C3 /* Info.plist */ = {isa = PBXFileReference; lastKnownFileType = text.plist.xml; path = Info.plist; sourceTree = "<group>"; };
		3AB587981A79E13D000AF4C3 /* WebViewDemoTests.m */ = {isa = PBXFileReference; lastKnownFileType = sourcecode.c.objc; path = WebViewDemoTests.m; sourceTree = "<group>"; };
		3AB587A21A79E237000AF4C3 /* Untitled.html */ = {isa = PBXFileReference; fileEncoding = 4; lastKnownFileType = text.html; path = Untitled.html; sourceTree = "<group>"; };
/* End PBXFileReference section */

/* Begin PBXFrameworksBuildPhase section */
		3AB587761A79E13D000AF4C3 /* Frameworks */ = {
			isa = PBXFrameworksBuildPhase;
			buildActionMask = 2147483647;
			files = (
			);
			runOnlyForDeploymentPostprocessing = 0;
		};
		3AB5878F1A79E13D000AF4C3 /* Frameworks */ = {
			isa = PBXFrameworksBuildPhase;
			buildActionMask = 2147483647;
			files = (
			);
			runOnlyForDeploymentPostprocessing = 0;
		};
/* End PBXFrameworksBuildPhase section */

/* Begin PBXGroup section */
		3AB587701A79E13D000AF4C3 = {
			isa = PBXGroup;
			children = (
				3AB5877B1A79E13D000AF4C3 /* WebViewDemo */,
				3AB587951A79E13D000AF4C3 /* WebViewDemoTests */,
				3AB5877A1A79E13D000AF4C3 /* Products */,
			);
			sourceTree = "<group>";
		};
		3AB5877A1A79E13D000AF4C3 /* Products */ = {
			isa = PBXGroup;
			children = (
				3AB587791A79E13D000AF4C3 /* WebViewDemo.app */,
				3AB587921A79E13D000AF4C3 /* WebViewDemoTests.xctest */,
			);
			name = Products;
			sourceTree = "<group>";
		};
		3AB5877B1A79E13D000AF4C3 /* WebViewDemo */ = {
			isa = PBXGroup;
			children = (
				3AB587801A79E13D000AF4C3 /* AppDelegate.h */,
				3AB587811A79E13D000AF4C3 /* AppDelegate.m */,
				3AB587831A79E13D000AF4C3 /* ViewController.h */,
				3AB587841A79E13D000AF4C3 /* ViewController.m */,
				3AB587861A79E13D000AF4C3 /* Main.storyboard */,
				3AB587891A79E13D000AF4C3 /* Images.xcassets */,
				3AB5878B1A79E13D000AF4C3 /* LaunchScreen.xib */,
				3AB587A21A79E237000AF4C3 /* Untitled.html */,
				3AB5877C1A79E13D000AF4C3 /* Supporting Files */,
			);
			path = WebViewDemo;
			sourceTree = "<group>";
		};
		3AB5877C1A79E13D000AF4C3 /* Supporting Files */ = {
			isa = PBXGroup;
			children = (
				3AB5877D1A79E13D000AF4C3 /* Info.plist */,
				3AB5877E1A79E13D000AF4C3 /* main.m */,
			);
			name = "Supporting Files";
			sourceTree = "<group>";
		};
		3AB587951A79E13D000AF4C3 /* WebViewDemoTests */ = {
			isa = PBXGroup;
			children = (
				3AB587981A79E13D000AF4C3 /* WebViewDemoTests.m */,
				3AB587961A79E13D000AF4C3 /* Supporting Files */,
			);
			path = WebViewDemoTests;
			sourceTree = "<group>";
		};
		3AB587961A79E13D000AF4C3 /* Supporting Files */ = {
			isa = PBXGroup;
			children = (
				3AB587971A79E13D000AF4C3 /* Info.plist */,
			);
			name = "Supporting Files";
			sourceTree = "<group>";
		};
/* End PBXGroup section */

/* Begin PBXNativeTarget section */
		3AB587781A79E13D000AF4C3 /* WebViewDemo */ = {
			isa = PBXNativeTarget;
			buildConfigurationList = 3AB5879C1A79E13D000AF4C3 /* Build configuration list for PBXNativeTarget "WebViewDemo" */;
			buildPhases = (
				3AB587751A79E13D000AF4C3 /* Sources */,
				3AB587761A79E13D000AF4C3 /* Frameworks */,
				3AB587771A79E13D000AF4C3 /* Resources */,
			);
			buildRules = (
			);
			dependencies = (
			);
			name = WebViewDemo;
			productName = WebViewDemo;
			productReference = 3AB587791A79E13D000AF4C3 /* WebViewDemo.app */;
			productType = "com.apple.product-type.application";
		};
		3AB587911A79E13D000AF4C3 /* WebViewDemoTests */ = {
			isa = PBXNativeTarget;
			buildConfigurationList = 3AB5879F1A79E13D000AF4C3 /* Build configuration list for PBXNativeTarget "WebViewDemoTests" */;
			buildPhases = (
				3AB5878E1A79E13D000AF4C3 /* Sources */,
				3AB5878F1A79E13D000AF4C3 /* Frameworks */,
				3AB587901A79E13D000AF4C3 /* Resources */,
			);
			buildRules = (
			);
			dependencies = (
				3AB587941A79E13D000AF4C3 /* PBXTargetDependency */,
			);
			name = WebViewDemoTests;
			productName = WebViewDemoTests;
			productReference = 3AB587921A79E13D000AF4C3 /* WebViewDemoTests.xctest */;
			productType = "com.apple.product-type.bundle.unit-test";
		};
/* End PBXNativeTarget section */

/* Begin PBXProject section */
		3AB587711A79E13D000AF4C3 /* Project object */ = {
			isa = PBXProject;
			attributes = {
				LastUpgradeCheck = 0610;
				ORGANIZATIONNAME = enuke;
				TargetAttributes = {
					3AB587781A79E13D000AF4C3 = {
						CreatedOnToolsVersion = 6.1.1;
					};
					3AB587911A79E13D000AF4C3 = {
						CreatedOnToolsVersion = 6.1.1;
						TestTargetID = 3AB587781A79E13D000AF4C3;
					};
				};
			};
			buildConfigurationList = 3AB587741A79E13D000AF4C3 /* Build configuration list for PBXProject "WebViewDemo" */;
			compatibilityVersion = "Xcode 3.2";
			developmentRegion = English;
			hasScannedForEncodings = 0;
			knownRegions = (
				en,
				Base,
			);
			mainGroup = 3AB587701A79E13D000AF4C3;
			productRefGroup = 3AB5877A1A79E13D000AF4C3 /* Products */;
			projectDirPath = "";
			projectRoot = "";
			targets = (
				3AB587781A79E13D000AF4C3 /* WebViewDemo */,
				3AB587911A79E13D000AF4C3 /* WebViewDemoTests */,
			);
		};
/* End PBXProject section */

/* Begin PBXResourcesBuildPhase section */
		3AB587771A79E13D000AF4C3 /* Resources */ = {
			isa = PBXResourcesBuildPhase;
			buildActionMask = 2147483647;
			files = (
				3AB587881A79E13D000AF4C3 /* Main.storyboard in Resources */,
				3AB587A31A79E237000AF4C3 /* Untitled.html in Resources */,
				3AB5878D1A79E13D000AF4C3 /* LaunchScreen.xib in Resources */,
				3AB5878A1A79E13D000AF4C3 /* Images.xcassets in Resources */,
			);
			runOnlyForDeploymentPostprocessing = 0;
		};
		3AB587901A79E13D000AF4C3 /* Resources */ = {
			isa = PBXResourcesBuildPhase;
			buildActionMask = 2147483647;
			files = (
			);
			runOnlyForDeploymentPostprocessing = 0;
		};
/* End PBXResourcesBuildPhase section */

/* Begin PBXSourcesBuildPhase section */
		3AB587751A79E13D000AF4C3 /* Sources */ = {
			isa = PBXSourcesBuildPhase;
			buildActionMask = 2147483647;
			files = (
				3AB587851A79E13D000AF4C3 /* ViewController.m in Sources */,
				3AB587821A79E13D000AF4C3 /* AppDelegate.m in Sources */,
				3AB5877F1A79E13D000AF4C3 /* main.m in Sources */,
			);
			runOnlyForDeploymentPostprocessing = 0;
		};
		3AB5878E1A79E13D000AF4C3 /* Sources */ = {
			isa = PBXSourcesBuildPhase;
			buildActionMask = 2147483647;
			files = (
				3AB587991A79E13D000AF4C3 /* WebViewDemoTests.m in Sources */,
			);
			runOnlyForDeploymentPostprocessing = 0;
		};
/* End PBXSourcesBuildPhase section */

/* Begin PBXTargetDependency section */
		3AB587941A79E13D000AF4C3 /* PBXTargetDependency */ = {
			isa = PBXTargetDependency;
			target = 3AB587781A79E13D000AF4C3 /* WebViewDemo */;
			targetProxy = 3AB587931A79E13D000AF4C3 /* PBXContainerItemProxy */;
		};
/* End PBXTargetDependency section */

/* Begin PBXVariantGroup section */
		3AB587861A79E13D000AF4C3 /* Main.storyboard */ = {
			isa = PBXVariantGroup;
			children = (
				3AB587871A79E13D000AF4C3 /* Base */,
			);
			name = Main.storyboard;
			sourceTree = "<group>";
		};
		3AB5878B1A79E13D000AF4C3 /* LaunchScreen.xib */ = {
			isa = PBXVariantGroup;
			children = (
				3AB5878C1A79E13D000AF4C3 /* Base */,
			);
			name = LaunchScreen.xib;
			sourceTree = "<group>";
		};
/* End PBXVariantGroup section */

/* Begin XCBuildConfiguration section */
		3AB5879A1A79E13D000AF4C3 /* Debug */ = {
			isa = XCBuildConfiguration;
			buildSettings = {
				ALWAYS_SEARCH_USER_PATHS = NO;
				CLANG_CXX_LANGUAGE_STANDARD = "gnu++0x";
				CLANG_CXX_LIBRARY = "libc++";
				CLANG_ENABLE_MODULES = YES;
				CLANG_ENABLE_OBJC_ARC = YES;
				CLANG_WARN_BOOL_CONVERSION = YES;
				CLANG_WARN_CONSTANT_CONVERSION = YES;
				CLANG_WARN_DIRECT_OBJC_ISA_USAGE = YES_ERROR;
				CLANG_WARN_EMPTY_BODY = YES;
				CLANG_WARN_ENUM_CONVERSION = YES;
				CLANG_WARN_INT_CONVERSION = YES;
				CLANG_WARN_OBJC_ROOT_CLASS = YES_ERROR;
				CLANG_WARN_UNREACHABLE_CODE = YES;
				CLANG_WARN__DUPLICATE_METHOD_MATCH = YES;
				"CODE_SIGN_IDENTITY[sdk=iphoneos*]" = "iPhone Developer";
				COPY_PHASE_STRIP = NO;
				ENABLE_STRICT_OBJC_MSGSEND = YES;
				GCC_C_LANGUAGE_STANDARD = gnu99;
				GCC_DYNAMIC_NO_PIC = NO;
				GCC_OPTIMIZATION_LEVEL = 0;
				GCC_PREPROCESSOR_DEFINITIONS = (
					"DEBUG=1",
					"$(inherited)",
				);
				GCC_SYMBOLS_PRIVATE_EXTERN = NO;
				GCC_WARN_64_TO_32_BIT_CONVERSION = YES;
				GCC_WARN_ABOUT_RETURN_TYPE = YES_ERROR;
				GCC_WARN_UNDECLARED_SELECTOR = YES;
				GCC_WARN_UNINITIALIZED_AUTOS = YES_AGGRESSIVE;
				GCC_WARN_UNUSED_FUNCTION = YES;
				GCC_WARN_UNUSED_VARIABLE = YES;
				IPHONEOS_DEPLOYMENT_TARGET = 8.1;
				MTL_ENABLE_DEBUG_INFO = YES;
				ONLY_ACTIVE_ARCH = YES;
				SDKROOT = iphoneos;
				TARGETED_DEVICE_FAMILY = "1,2";
			};
			name = Debug;
		};
		3AB5879B1A79E13D000AF4C3 /* Release */ = {
			isa = XCBuildConfiguration;
			buildSettings = {
				ALWAYS_SEARCH_USER_PATHS = NO;
				CLANG_CXX_LANGUAGE_STANDARD = "gnu++0x";
				CLANG_CXX_LIBRARY = "libc++";
				CLANG_ENABLE_MODULES = YES;
				CLANG_ENABLE_OBJC_ARC = YES;
				CLANG_WARN_BOOL_CONVERSION = YES;
				CLANG_WARN_CONSTANT_CONVERSION = YES;
				CLANG_WARN_DIRECT_OBJC_ISA_USAGE = YES_ERROR;
				CLANG_WARN_EMPTY_BODY = YES;
				CLANG_WARN_ENUM_CONVERSION = YES;
				CLANG_WARN_INT_CONVERSION = YES;
				CLANG_WARN_OBJC_ROOT_CLASS = YES_ERROR;
				CLANG_WARN_UNREACHABLE_CODE = YES;
				CLANG_WARN__DUPLICATE_METHOD_MATCH = YES;
				"CODE_SIGN_IDENTITY[sdk=iphoneos*]" = "iPhone Developer";
				COPY_PHASE_STRIP = YES;
				ENABLE_NS_ASSERTIONS = NO;
				ENABLE_STRICT_OBJC_MSGSEND = YES;
				GCC_C_LANGUAGE_STANDARD = gnu99;
				GCC_WARN_64_TO_32_BIT_CONVERSION = YES;
				GCC_WARN_ABOUT_RETURN_TYPE = YES_ERROR;
				GCC_WARN_UNDECLARED_SELECTOR = YES;
				GCC_WARN_UNINITIALIZED_AUTOS = YES_AGGRESSIVE;
				GCC_WARN_UNUSED_FUNCTION = YES;
				GCC_WARN_UNUSED_VARIABLE = YES;
				IPHONEOS_DEPLOYMENT_TARGET = 8.1;
				MTL_ENABLE_DEBUG_INFO = NO;
				SDKROOT = iphoneos;
				TARGETED_DEVICE_FAMILY = "1,2";
				VALIDATE_PRODUCT = YES;
			};
			name = Release;
		};
		3AB5879D1A79E13D000AF4C3 /* Debug */ = {
			isa = XCBuildConfiguration;
			buildSettings = {
				ASSETCATALOG_COMPILER_APPICON_NAME = AppIcon;
				INFOPLIST_FILE = WebViewDemo/Info.plist;
				LD_RUNPATH_SEARCH_PATHS = "$(inherited) @executable_path/Frameworks";
				PRODUCT_NAME = "$(TARGET_NAME)";
			};
			name = Debug;
		};
		3AB5879E1A79E13D000AF4C3 /* Release */ = {
			isa = XCBuildConfiguration;
			buildSettings = {
				ASSETCATALOG_COMPILER_APPICON_NAME = AppIcon;
				INFOPLIST_FILE = WebViewDemo/Info.plist;
				LD_RUNPATH_SEARCH_PATHS = "$(inherited) @executable_path/Frameworks";
				PRODUCT_NAME = "$(TARGET_NAME)";
			};
			name = Release;
		};
		3AB587A01A79E13D000AF4C3 /* Debug */ = {
			isa = XCBuildConfiguration;
			buildSettings = {
				BUNDLE_LOADER = "$(TEST_HOST)";
				FRAMEWORK_SEARCH_PATHS = (
					"$(SDKROOT)/Developer/Library/Frameworks",
					"$(inherited)",
				);
				GCC_PREPROCESSOR_DEFINITIONS = (
					"DEBUG=1",
					"$(inherited)",
				);
				INFOPLIST_FILE = WebViewDemoTests/Info.plist;
				LD_RUNPATH_SEARCH_PATHS = "$(inherited) @executable_path/Frameworks @loader_path/Frameworks";
				PRODUCT_NAME = "$(TARGET_NAME)";
				TEST_HOST = "$(BUILT_PRODUCTS_DIR)/WebViewDemo.app/WebViewDemo";
			};
			name = Debug;
		};
		3AB587A11A79E13D000AF4C3 /* Release */ = {
			isa = XCBuildConfiguration;
			buildSettings = {
				BUNDLE_LOADER = "$(TEST_HOST)";
				FRAMEWORK_SEARCH_PATHS = (
					"$(SDKROOT)/Developer/Library/Frameworks",
					"$(inherited)",
				);
				INFOPLIST_FILE = WebViewDemoTests/Info.plist;
				LD_RUNPATH_SEARCH_PATHS = "$(inherited) @executable_path/Frameworks @loader_path/Frameworks";
				PRODUCT_NAME = "$(TARGET_NAME)";
				TEST_HOST = "$(BUILT_PRODUCTS_DIR)/WebViewDemo.app/WebViewDemo";
			};
			name = Release;
		};
/* End XCBuildConfiguration section */

/* Begin XCConfigurationList section */
		3AB587741A79E13D000AF4C3 /* Build configuration list for PBXProject "WebViewDemo" */ = {
			isa = XCConfigurationList;
			buildConfigurations = (
				3AB5879A1A79E13D000AF4C3 /* Debug */,
				3AB5879B1A79E13D000AF4C3 /* Release */,
			);
			defaultConfigurationIsVisible = 0;
			defaultConfigurationName = Release;
		};
		3AB5879C1A79E13D000AF4C3 /* Build configuration list for PBXNativeTarget "WebViewDemo" */ = {
			isa = XCConfigurationList;
			buildConfigurations = (
				3AB5879D1A79E13D000AF4C3 /* Debug */,
				3AB5879E1A79E13D000AF4C3 /* Release */,
			);
			defaultConfigurationIsVisible = 0;
		};
		3AB5879F1A79E13D000AF4C3 /* Build configuration list for PBXNativeTarget "WebViewDemoTests" */ = {
			isa = XCConfigurationList;
			buildConfigurations = (
				3AB587A01A79E13D000AF4C3 /* Debug */,
				3AB587A11A79E13D000AF4C3 /* Release */,
			);
			defaultConfigurationIsVisible = 0;
		};
/* End XCConfigurationList section */
	};
	rootObject = 3AB587711A79E13D000AF4C3 /* Project object */;
}
