// !$*UTF8*$!
{
	archiveVersion = 1;
	classes = {
	};
	objectVersion = 46;
	objects = {

/* Begin PBXBuildFile section */
		3A1138E01A822674008799D7 /* AppDelegate.swift in Sources */ = {isa = PBXBuildFile; fileRef = 3A1138DF1A822674008799D7 /* AppDelegate.swift */; };
		3A1138E21A822674008799D7 /* ViewController.swift in Sources */ = {isa = PBXBuildFile; fileRef = 3A1138E11A822674008799D7 /* ViewController.swift */; };
		3A1138E51A822674008799D7 /* Main.storyboard in Resources */ = {isa = PBXBuildFile; fileRef = 3A1138E31A822674008799D7 /* Main.storyboard */; };
		3A1138E71A822674008799D7 /* Images.xcassets in Resources */ = {isa = PBXBuildFile; fileRef = 3A1138E61A822674008799D7 /* Images.xcassets */; };
		3A1138EA1A822674008799D7 /* LaunchScreen.xib in Resources */ = {isa = PBXBuildFile; fileRef = 3A1138E81A822674008799D7 /* LaunchScreen.xib */; };
		3A1138F61A822674008799D7 /* InfixOperateDemoTests.swift in Sources */ = {isa = PBXBuildFile; fileRef = 3A1138F51A822674008799D7 /* InfixOperateDemoTests.swift */; };
/* End PBXBuildFile section */

/* Begin PBXContainerItemProxy section */
		3A1138F01A822674008799D7 /* PBXContainerItemProxy */ = {
			isa = PBXContainerItemProxy;
			containerPortal = 3A1138D21A822674008799D7 /* Project object */;
			proxyType = 1;
			remoteGlobalIDString = 3A1138D91A822674008799D7;
			remoteInfo = InfixOperateDemo;
		};
/* End PBXContainerItemProxy section */

/* Begin PBXFileReference section */
		3A1138DA1A822674008799D7 /* InfixOperateDemo.app */ = {isa = PBXFileReference; explicitFileType = wrapper.application; includeInIndex = 0; path = InfixOperateDemo.app; sourceTree = BUILT_PRODUCTS_DIR; };
		3A1138DE1A822674008799D7 /* Info.plist */ = {isa = PBXFileReference; lastKnownFileType = text.plist.xml; path = Info.plist; sourceTree = "<group>"; };
		3A1138DF1A822674008799D7 /* AppDelegate.swift */ = {isa = PBXFileReference; lastKnownFileType = sourcecode.swift; path = AppDelegate.swift; sourceTree = "<group>"; };
		3A1138E11A822674008799D7 /* ViewController.swift */ = {isa = PBXFileReference; lastKnownFileType = sourcecode.swift; path = ViewController.swift; sourceTree = "<group>"; };
		3A1138E41A822674008799D7 /* Base */ = {isa = PBXFileReference; lastKnownFileType = file.storyboard; name = Base; path = Base.lproj/Main.storyboard; sourceTree = "<group>"; };
		3A1138E61A822674008799D7 /* Images.xcassets */ = {isa = PBXFileReference; lastKnownFileType = folder.assetcatalog; path = Images.xcassets; sourceTree = "<group>"; };
		3A1138E91A822674008799D7 /* Base */ = {isa = PBXFileReference; lastKnownFileType = file.xib; name = Base; path = Base.lproj/LaunchScreen.xib; sourceTree = "<group>"; };
		3A1138EF1A822674008799D7 /* InfixOperateDemoTests.xctest */ = {isa = PBXFileReference; explicitFileType = wrapper.cfbundle; includeInIndex = 0; path = InfixOperateDemoTests.xctest; sourceTree = BUILT_PRODUCTS_DIR; };
		3A1138F41A822674008799D7 /* Info.plist */ = {isa = PBXFileReference; lastKnownFileType = text.plist.xml; path = Info.plist; sourceTree = "<group>"; };
		3A1138F51A822674008799D7 /* InfixOperateDemoTests.swift */ = {isa = PBXFileReference; lastKnownFileType = sourcecode.swift; path = InfixOperateDemoTests.swift; sourceTree = "<group>"; };
/* End PBXFileReference section */

/* Begin PBXFrameworksBuildPhase section */
		3A1138D71A822674008799D7 /* Frameworks */ = {
			isa = PBXFrameworksBuildPhase;
			buildActionMask = 2147483647;
			files = (
			);
			runOnlyForDeploymentPostprocessing = 0;
		};
		3A1138EC1A822674008799D7 /* Frameworks */ = {
			isa = PBXFrameworksBuildPhase;
			buildActionMask = 2147483647;
			files = (
			);
			runOnlyForDeploymentPostprocessing = 0;
		};
/* End PBXFrameworksBuildPhase section */

/* Begin PBXGroup section */
		3A1138D11A822674008799D7 = {
			isa = PBXGroup;
			children = (
				3A1138DC1A822674008799D7 /* InfixOperateDemo */,
				3A1138F21A822674008799D7 /* InfixOperateDemoTests */,
				3A1138DB1A822674008799D7 /* Products */,
			);
			sourceTree = "<group>";
		};
		3A1138DB1A822674008799D7 /* Products */ = {
			isa = PBXGroup;
			children = (
				3A1138DA1A822674008799D7 /* InfixOperateDemo.app */,
				3A1138EF1A822674008799D7 /* InfixOperateDemoTests.xctest */,
			);
			name = Products;
			sourceTree = "<group>";
		};
		3A1138DC1A822674008799D7 /* InfixOperateDemo */ = {
			isa = PBXGroup;
			children = (
				3A1138DF1A822674008799D7 /* AppDelegate.swift */,
				3A1138E11A822674008799D7 /* ViewController.swift */,
				3A1138E31A822674008799D7 /* Main.storyboard */,
				3A1138E61A822674008799D7 /* Images.xcassets */,
				3A1138E81A822674008799D7 /* LaunchScreen.xib */,
				3A1138DD1A822674008799D7 /* Supporting Files */,
			);
			path = InfixOperateDemo;
			sourceTree = "<group>";
		};
		3A1138DD1A822674008799D7 /* Supporting Files */ = {
			isa = PBXGroup;
			children = (
				3A1138DE1A822674008799D7 /* Info.plist */,
			);
			name = "Supporting Files";
			sourceTree = "<group>";
		};
		3A1138F21A822674008799D7 /* InfixOperateDemoTests */ = {
			isa = PBXGroup;
			children = (
				3A1138F51A822674008799D7 /* InfixOperateDemoTests.swift */,
				3A1138F31A822674008799D7 /* Supporting Files */,
			);
			path = InfixOperateDemoTests;
			sourceTree = "<group>";
		};
		3A1138F31A822674008799D7 /* Supporting Files */ = {
			isa = PBXGroup;
			children = (
				3A1138F41A822674008799D7 /* Info.plist */,
			);
			name = "Supporting Files";
			sourceTree = "<group>";
		};
/* End PBXGroup section */

/* Begin PBXNativeTarget section */
		3A1138D91A822674008799D7 /* InfixOperateDemo */ = {
			isa = PBXNativeTarget;
			buildConfigurationList = 3A1138F91A822674008799D7 /* Build configuration list for PBXNativeTarget "InfixOperateDemo" */;
			buildPhases = (
				3A1138D61A822674008799D7 /* Sources */,
				3A1138D71A822674008799D7 /* Frameworks */,
				3A1138D81A822674008799D7 /* Resources */,
			);
			buildRules = (
			);
			dependencies = (
			);
			name = InfixOperateDemo;
			productName = InfixOperateDemo;
			productReference = 3A1138DA1A822674008799D7 /* InfixOperateDemo.app */;
			productType = "com.apple.product-type.application";
		};
		3A1138EE1A822674008799D7 /* InfixOperateDemoTests */ = {
			isa = PBXNativeTarget;
			buildConfigurationList = 3A1138FC1A822674008799D7 /* Build configuration list for PBXNativeTarget "InfixOperateDemoTests" */;
			buildPhases = (
				3A1138EB1A822674008799D7 /* Sources */,
				3A1138EC1A822674008799D7 /* Frameworks */,
				3A1138ED1A822674008799D7 /* Resources */,
			);
			buildRules = (
			);
			dependencies = (
				3A1138F11A822674008799D7 /* PBXTargetDependency */,
			);
			name = InfixOperateDemoTests;
			productName = InfixOperateDemoTests;
			productReference = 3A1138EF1A822674008799D7 /* InfixOperateDemoTests.xctest */;
			productType = "com.apple.product-type.bundle.unit-test";
		};
/* End PBXNativeTarget section */

/* Begin PBXProject section */
		3A1138D21A822674008799D7 /* Project object */ = {
			isa = PBXProject;
			attributes = {
				LastUpgradeCheck = 0610;
				ORGANIZATIONNAME = enuke;
				TargetAttributes = {
					3A1138D91A822674008799D7 = {
						CreatedOnToolsVersion = 6.1.1;
					};
					3A1138EE1A822674008799D7 = {
						CreatedOnToolsVersion = 6.1.1;
						TestTargetID = 3A1138D91A822674008799D7;
					};
				};
			};
			buildConfigurationList = 3A1138D51A822674008799D7 /* Build configuration list for PBXProject "InfixOperateDemo" */;
			compatibilityVersion = "Xcode 3.2";
			developmentRegion = English;
			hasScannedForEncodings = 0;
			knownRegions = (
				en,
				Base,
			);
			mainGroup = 3A1138D11A822674008799D7;
			productRefGroup = 3A1138DB1A822674008799D7 /* Products */;
			projectDirPath = "";
			projectRoot = "";
			targets = (
				3A1138D91A822674008799D7 /* InfixOperateDemo */,
				3A1138EE1A822674008799D7 /* InfixOperateDemoTests */,
			);
		};
/* End PBXProject section */

/* Begin PBXResourcesBuildPhase section */
		3A1138D81A822674008799D7 /* Resources */ = {
			isa = PBXResourcesBuildPhase;
			buildActionMask = 2147483647;
			files = (
				3A1138E51A822674008799D7 /* Main.storyboard in Resources */,
				3A1138EA1A822674008799D7 /* LaunchScreen.xib in Resources */,
				3A1138E71A822674008799D7 /* Images.xcassets in Resources */,
			);
			runOnlyForDeploymentPostprocessing = 0;
		};
		3A1138ED1A822674008799D7 /* Resources */ = {
			isa = PBXResourcesBuildPhase;
			buildActionMask = 2147483647;
			files = (
			);
			runOnlyForDeploymentPostprocessing = 0;
		};
/* End PBXResourcesBuildPhase section */

/* Begin PBXSourcesBuildPhase section */
		3A1138D61A822674008799D7 /* Sources */ = {
			isa = PBXSourcesBuildPhase;
			buildActionMask = 2147483647;
			files = (
				3A1138E21A822674008799D7 /* ViewController.swift in Sources */,
				3A1138E01A822674008799D7 /* AppDelegate.swift in Sources */,
			);
			runOnlyForDeploymentPostprocessing = 0;
		};
		3A1138EB1A822674008799D7 /* Sources */ = {
			isa = PBXSourcesBuildPhase;
			buildActionMask = 2147483647;
			files = (
				3A1138F61A822674008799D7 /* InfixOperateDemoTests.swift in Sources */,
			);
			runOnlyForDeploymentPostprocessing = 0;
		};
/* End PBXSourcesBuildPhase section */

/* Begin PBXTargetDependency section */
		3A1138F11A822674008799D7 /* PBXTargetDependency */ = {
			isa = PBXTargetDependency;
			target = 3A1138D91A822674008799D7 /* InfixOperateDemo */;
			targetProxy = 3A1138F01A822674008799D7 /* PBXContainerItemProxy */;
		};
/* End PBXTargetDependency section */

/* Begin PBXVariantGroup section */
		3A1138E31A822674008799D7 /* Main.storyboard */ = {
			isa = PBXVariantGroup;
			children = (
				3A1138E41A822674008799D7 /* Base */,
			);
			name = Main.storyboard;
			sourceTree = "<group>";
		};
		3A1138E81A822674008799D7 /* LaunchScreen.xib */ = {
			isa = PBXVariantGroup;
			children = (
				3A1138E91A822674008799D7 /* Base */,
			);
			name = LaunchScreen.xib;
			sourceTree = "<group>";
		};
/* End PBXVariantGroup section */

/* Begin XCBuildConfiguration section */
		3A1138F71A822674008799D7 /* Debug */ = {
			isa = XCBuildConfiguration;
			buildSettings = {
				ALWAYS_SEARCH_USER_PATHS = NO;
				CLANG_CXX_LANGUAGE_STANDARD = "gnu++0x";
				CLANG_CXX_LIBRARY = "libc++";
				CLANG_ENABLE_MODULES = YES;
				CLANG_ENABLE_OBJC_ARC = YES;
				CLANG_WARN_BOOL_CONVERSION = YES;
				CLANG_WARN_CONSTANT_CONVERSION = YES;
				CLANG_WARN_DIRECT_OBJC_ISA_USAGE = YES_ERROR;
				CLANG_WARN_EMPTY_BODY = YES;
				CLANG_WARN_ENUM_CONVERSION = YES;
				CLANG_WARN_INT_CONVERSION = YES;
				CLANG_WARN_OBJC_ROOT_CLASS = YES_ERROR;
				CLANG_WARN_UNREACHABLE_CODE = YES;
				CLANG_WARN__DUPLICATE_METHOD_MATCH = YES;
				"CODE_SIGN_IDENTITY[sdk=iphoneos*]" = "iPhone Developer";
				COPY_PHASE_STRIP = NO;
				ENABLE_STRICT_OBJC_MSGSEND = YES;
				GCC_C_LANGUAGE_STANDARD = gnu99;
				GCC_DYNAMIC_NO_PIC = NO;
				GCC_OPTIMIZATION_LEVEL = 0;
				GCC_PREPROCESSOR_DEFINITIONS = (
					"DEBUG=1",
					"$(inherited)",
				);
				GCC_SYMBOLS_PRIVATE_EXTERN = NO;
				GCC_WARN_64_TO_32_BIT_CONVERSION = YES;
				GCC_WARN_ABOUT_RETURN_TYPE = YES_ERROR;
				GCC_WARN_UNDECLARED_SELECTOR = YES;
				GCC_WARN_UNINITIALIZED_AUTOS = YES_AGGRESSIVE;
				GCC_WARN_UNUSED_FUNCTION = YES;
				GCC_WARN_UNUSED_VARIABLE = YES;
				IPHONEOS_DEPLOYMENT_TARGET = 8.1;
				MTL_ENABLE_DEBUG_INFO = YES;
				ONLY_ACTIVE_ARCH = YES;
				SDKROOT = iphoneos;
				SWIFT_OPTIMIZATION_LEVEL = "-Onone";
				TARGETED_DEVICE_FAMILY = "1,2";
			};
			name = Debug;
		};
		3A1138F81A822674008799D7 /* Release */ = {
			isa = XCBuildConfiguration;
			buildSettings = {
				ALWAYS_SEARCH_USER_PATHS = NO;
				CLANG_CXX_LANGUAGE_STANDARD = "gnu++0x";
				CLANG_CXX_LIBRARY = "libc++";
				CLANG_ENABLE_MODULES = YES;
				CLANG_ENABLE_OBJC_ARC = YES;
				CLANG_WARN_BOOL_CONVERSION = YES;
				CLANG_WARN_CONSTANT_CONVERSION = YES;
				CLANG_WARN_DIRECT_OBJC_ISA_USAGE = YES_ERROR;
				CLANG_WARN_EMPTY_BODY = YES;
				CLANG_WARN_ENUM_CONVERSION = YES;
				CLANG_WARN_INT_CONVERSION = YES;
				CLANG_WARN_OBJC_ROOT_CLASS = YES_ERROR;
				CLANG_WARN_UNREACHABLE_CODE = YES;
				CLANG_WARN__DUPLICATE_METHOD_MATCH = YES;
				"CODE_SIGN_IDENTITY[sdk=iphoneos*]" = "iPhone Developer";
				COPY_PHASE_STRIP = YES;
				ENABLE_NS_ASSERTIONS = NO;
				ENABLE_STRICT_OBJC_MSGSEND = YES;
				GCC_C_LANGUAGE_STANDARD = gnu99;
				GCC_WARN_64_TO_32_BIT_CONVERSION = YES;
				GCC_WARN_ABOUT_RETURN_TYPE = YES_ERROR;
				GCC_WARN_UNDECLARED_SELECTOR = YES;
				GCC_WARN_UNINITIALIZED_AUTOS = YES_AGGRESSIVE;
				GCC_WARN_UNUSED_FUNCTION = YES;
				GCC_WARN_UNUSED_VARIABLE = YES;
				IPHONEOS_DEPLOYMENT_TARGET = 8.1;
				MTL_ENABLE_DEBUG_INFO = NO;
				SDKROOT = iphoneos;
				TARGETED_DEVICE_FAMILY = "1,2";
				VALIDATE_PRODUCT = YES;
			};
			name = Release;
		};
		3A1138FA1A822674008799D7 /* Debug */ = {
			isa = XCBuildConfiguration;
			buildSettings = {
				ASSETCATALOG_COMPILER_APPICON_NAME = AppIcon;
				INFOPLIST_FILE = InfixOperateDemo/Info.plist;
				LD_RUNPATH_SEARCH_PATHS = "$(inherited) @executable_path/Frameworks";
				PRODUCT_NAME = "$(TARGET_NAME)";
			};
			name = Debug;
		};
		3A1138FB1A822674008799D7 /* Release */ = {
			isa = XCBuildConfiguration;
			buildSettings = {
				ASSETCATALOG_COMPILER_APPICON_NAME = AppIcon;
				INFOPLIST_FILE = InfixOperateDemo/Info.plist;
				LD_RUNPATH_SEARCH_PATHS = "$(inherited) @executable_path/Frameworks";
				PRODUCT_NAME = "$(TARGET_NAME)";
			};
			name = Release;
		};
		3A1138FD1A822674008799D7 /* Debug */ = {
			isa = XCBuildConfiguration;
			buildSettings = {
				BUNDLE_LOADER = "$(TEST_HOST)";
				FRAMEWORK_SEARCH_PATHS = (
					"$(SDKROOT)/Developer/Library/Frameworks",
					"$(inherited)",
				);
				GCC_PREPROCESSOR_DEFINITIONS = (
					"DEBUG=1",
					"$(inherited)",
				);
				INFOPLIST_FILE = InfixOperateDemoTests/Info.plist;
				LD_RUNPATH_SEARCH_PATHS = "$(inherited) @executable_path/Frameworks @loader_path/Frameworks";
				PRODUCT_NAME = "$(TARGET_NAME)";
				TEST_HOST = "$(BUILT_PRODUCTS_DIR)/InfixOperateDemo.app/InfixOperateDemo";
			};
			name = Debug;
		};
		3A1138FE1A822674008799D7 /* Release */ = {
			isa = XCBuildConfiguration;
			buildSettings = {
				BUNDLE_LOADER = "$(TEST_HOST)";
				FRAMEWORK_SEARCH_PATHS = (
					"$(SDKROOT)/Developer/Library/Frameworks",
					"$(inherited)",
				);
				INFOPLIST_FILE = InfixOperateDemoTests/Info.plist;
				LD_RUNPATH_SEARCH_PATHS = "$(inherited) @executable_path/Frameworks @loader_path/Frameworks";
				PRODUCT_NAME = "$(TARGET_NAME)";
				TEST_HOST = "$(BUILT_PRODUCTS_DIR)/InfixOperateDemo.app/InfixOperateDemo";
			};
			name = Release;
		};
/* End XCBuildConfiguration section */

/* Begin XCConfigurationList section */
		3A1138D51A822674008799D7 /* Build configuration list for PBXProject "InfixOperateDemo" */ = {
			isa = XCConfigurationList;
			buildConfigurations = (
				3A1138F71A822674008799D7 /* Debug */,
				3A1138F81A822674008799D7 /* Release */,
			);
			defaultConfigurationIsVisible = 0;
			defaultConfigurationName = Release;
		};
		3A1138F91A822674008799D7 /* Build configuration list for PBXNativeTarget "InfixOperateDemo" */ = {
			isa = XCConfigurationList;
			buildConfigurations = (
				3A1138FA1A822674008799D7 /* Debug */,
				3A1138FB1A822674008799D7 /* Release */,
			);
			defaultConfigurationIsVisible = 0;
		};
		3A1138FC1A822674008799D7 /* Build configuration list for PBXNativeTarget "InfixOperateDemoTests" */ = {
			isa = XCConfigurationList;
			buildConfigurations = (
				3A1138FD1A822674008799D7 /* Debug */,
				3A1138FE1A822674008799D7 /* Release */,
			);
			defaultConfigurationIsVisible = 0;
		};
/* End XCConfigurationList section */
	};
	rootObject = 3A1138D21A822674008799D7 /* Project object */;
}
