// !$*UTF8*$!
{
	archiveVersion = 1;
	classes = {
	};
	objectVersion = 46;
	objects = {

/* Begin PBXBuildFile section */
		3AB587D41A7B725C000AF4C3 /* main.m in Sources */ = {isa = PBXBuildFile; fileRef = 3AB587D31A7B725C000AF4C3 /* main.m */; };
		3AB587D71A7B725C000AF4C3 /* AppDelegate.m in Sources */ = {isa = PBXBuildFile; fileRef = 3AB587D61A7B725C000AF4C3 /* AppDelegate.m */; };
		3AB587DA1A7B725C000AF4C3 /* ViewController.m in Sources */ = {isa = PBXBuildFile; fileRef = 3AB587D91A7B725C000AF4C3 /* ViewController.m */; };
		3AB587DD1A7B725C000AF4C3 /* Main.storyboard in Resources */ = {isa = PBXBuildFile; fileRef = 3AB587DB1A7B725C000AF4C3 /* Main.storyboard */; };
		3AB587DF1A7B725C000AF4C3 /* Images.xcassets in Resources */ = {isa = PBXBuildFile; fileRef = 3AB587DE1A7B725C000AF4C3 /* Images.xcassets */; };
		3AB587E21A7B725C000AF4C3 /* LaunchScreen.xib in Resources */ = {isa = PBXBuildFile; fileRef = 3AB587E01A7B725C000AF4C3 /* LaunchScreen.xib */; };
		3AB587EE1A7B725C000AF4C3 /* CircleAnimationViewDemoTests.m in Sources */ = {isa = PBXBuildFile; fileRef = 3AB587ED1A7B725C000AF4C3 /* CircleAnimationViewDemoTests.m */; };
		3AB587F91A7B7273000AF4C3 /* Circle.m in Sources */ = {isa = PBXBuildFile; fileRef = 3AB587F81A7B7273000AF4C3 /* Circle.m */; };
		3AB587FC1A7B727F000AF4C3 /* Thub.m in Sources */ = {isa = PBXBuildFile; fileRef = 3AB587FB1A7B727F000AF4C3 /* Thub.m */; };
/* End PBXBuildFile section */

/* Begin PBXContainerItemProxy section */
		3AB587E81A7B725C000AF4C3 /* PBXContainerItemProxy */ = {
			isa = PBXContainerItemProxy;
			containerPortal = 3AB587C61A7B725C000AF4C3 /* Project object */;
			proxyType = 1;
			remoteGlobalIDString = 3AB587CD1A7B725C000AF4C3;
			remoteInfo = CircleAnimationViewDemo;
		};
/* End PBXContainerItemProxy section */

/* Begin PBXFileReference section */
		3AB587CE1A7B725C000AF4C3 /* CircleAnimationViewDemo.app */ = {isa = PBXFileReference; explicitFileType = wrapper.application; includeInIndex = 0; path = CircleAnimationViewDemo.app; sourceTree = BUILT_PRODUCTS_DIR; };
		3AB587D21A7B725C000AF4C3 /* Info.plist */ = {isa = PBXFileReference; lastKnownFileType = text.plist.xml; path = Info.plist; sourceTree = "<group>"; };
		3AB587D31A7B725C000AF4C3 /* main.m */ = {isa = PBXFileReference; lastKnownFileType = sourcecode.c.objc; path = main.m; sourceTree = "<group>"; };
		3AB587D51A7B725C000AF4C3 /* AppDelegate.h */ = {isa = PBXFileReference; lastKnownFileType = sourcecode.c.h; path = AppDelegate.h; sourceTree = "<group>"; };
		3AB587D61A7B725C000AF4C3 /* AppDelegate.m */ = {isa = PBXFileReference; lastKnownFileType = sourcecode.c.objc; path = AppDelegate.m; sourceTree = "<group>"; };
		3AB587D81A7B725C000AF4C3 /* ViewController.h */ = {isa = PBXFileReference; lastKnownFileType = sourcecode.c.h; path = ViewController.h; sourceTree = "<group>"; };
		3AB587D91A7B725C000AF4C3 /* ViewController.m */ = {isa = PBXFileReference; lastKnownFileType = sourcecode.c.objc; path = ViewController.m; sourceTree = "<group>"; };
		3AB587DC1A7B725C000AF4C3 /* Base */ = {isa = PBXFileReference; lastKnownFileType = file.storyboard; name = Base; path = Base.lproj/Main.storyboard; sourceTree = "<group>"; };
		3AB587DE1A7B725C000AF4C3 /* Images.xcassets */ = {isa = PBXFileReference; lastKnownFileType = folder.assetcatalog; path = Images.xcassets; sourceTree = "<group>"; };
		3AB587E11A7B725C000AF4C3 /* Base */ = {isa = PBXFileReference; lastKnownFileType = file.xib; name = Base; path = Base.lproj/LaunchScreen.xib; sourceTree = "<group>"; };
		3AB587E71A7B725C000AF4C3 /* CircleAnimationViewDemoTests.xctest */ = {isa = PBXFileReference; explicitFileType = wrapper.cfbundle; includeInIndex = 0; path = CircleAnimationViewDemoTests.xctest; sourceTree = BUILT_PRODUCTS_DIR; };
		3AB587EC1A7B725C000AF4C3 /* Info.plist */ = {isa = PBXFileReference; lastKnownFileType = text.plist.xml; path = Info.plist; sourceTree = "<group>"; };
		3AB587ED1A7B725C000AF4C3 /* CircleAnimationViewDemoTests.m */ = {isa = PBXFileReference; lastKnownFileType = sourcecode.c.objc; path = CircleAnimationViewDemoTests.m; sourceTree = "<group>"; };
		3AB587F71A7B7273000AF4C3 /* Circle.h */ = {isa = PBXFileReference; fileEncoding = 4; lastKnownFileType = sourcecode.c.h; path = Circle.h; sourceTree = "<group>"; };
		3AB587F81A7B7273000AF4C3 /* Circle.m */ = {isa = PBXFileReference; fileEncoding = 4; lastKnownFileType = sourcecode.c.objc; path = Circle.m; sourceTree = "<group>"; };
		3AB587FA1A7B727F000AF4C3 /* Thub.h */ = {isa = PBXFileReference; fileEncoding = 4; lastKnownFileType = sourcecode.c.h; path = Thub.h; sourceTree = "<group>"; };
		3AB587FB1A7B727F000AF4C3 /* Thub.m */ = {isa = PBXFileReference; fileEncoding = 4; lastKnownFileType = sourcecode.c.objc; path = Thub.m; sourceTree = "<group>"; };
/* End PBXFileReference section */

/* Begin PBXFrameworksBuildPhase section */
		3AB587CB1A7B725C000AF4C3 /* Frameworks */ = {
			isa = PBXFrameworksBuildPhase;
			buildActionMask = 2147483647;
			files = (
			);
			runOnlyForDeploymentPostprocessing = 0;
		};
		3AB587E41A7B725C000AF4C3 /* Frameworks */ = {
			isa = PBXFrameworksBuildPhase;
			buildActionMask = 2147483647;
			files = (
			);
			runOnlyForDeploymentPostprocessing = 0;
		};
/* End PBXFrameworksBuildPhase section */

/* Begin PBXGroup section */
		3AB587C51A7B725C000AF4C3 = {
			isa = PBXGroup;
			children = (
				3AB587D01A7B725C000AF4C3 /* CircleAnimationViewDemo */,
				3AB587EA1A7B725C000AF4C3 /* CircleAnimationViewDemoTests */,
				3AB587CF1A7B725C000AF4C3 /* Products */,
			);
			sourceTree = "<group>";
		};
		3AB587CF1A7B725C000AF4C3 /* Products */ = {
			isa = PBXGroup;
			children = (
				3AB587CE1A7B725C000AF4C3 /* CircleAnimationViewDemo.app */,
				3AB587E71A7B725C000AF4C3 /* CircleAnimationViewDemoTests.xctest */,
			);
			name = Products;
			sourceTree = "<group>";
		};
		3AB587D01A7B725C000AF4C3 /* CircleAnimationViewDemo */ = {
			isa = PBXGroup;
			children = (
				3AB587D51A7B725C000AF4C3 /* AppDelegate.h */,
				3AB587D61A7B725C000AF4C3 /* AppDelegate.m */,
				3AB587D81A7B725C000AF4C3 /* ViewController.h */,
				3AB587D91A7B725C000AF4C3 /* ViewController.m */,
				3AB587DB1A7B725C000AF4C3 /* Main.storyboard */,
				3AB587F71A7B7273000AF4C3 /* Circle.h */,
				3AB587F81A7B7273000AF4C3 /* Circle.m */,
				3AB587FA1A7B727F000AF4C3 /* Thub.h */,
				3AB587FB1A7B727F000AF4C3 /* Thub.m */,
				3AB587DE1A7B725C000AF4C3 /* Images.xcassets */,
				3AB587E01A7B725C000AF4C3 /* LaunchScreen.xib */,
				3AB587D11A7B725C000AF4C3 /* Supporting Files */,
			);
			path = CircleAnimationViewDemo;
			sourceTree = "<group>";
		};
		3AB587D11A7B725C000AF4C3 /* Supporting Files */ = {
			isa = PBXGroup;
			children = (
				3AB587D21A7B725C000AF4C3 /* Info.plist */,
				3AB587D31A7B725C000AF4C3 /* main.m */,
			);
			name = "Supporting Files";
			sourceTree = "<group>";
		};
		3AB587EA1A7B725C000AF4C3 /* CircleAnimationViewDemoTests */ = {
			isa = PBXGroup;
			children = (
				3AB587ED1A7B725C000AF4C3 /* CircleAnimationViewDemoTests.m */,
				3AB587EB1A7B725C000AF4C3 /* Supporting Files */,
			);
			path = CircleAnimationViewDemoTests;
			sourceTree = "<group>";
		};
		3AB587EB1A7B725C000AF4C3 /* Supporting Files */ = {
			isa = PBXGroup;
			children = (
				3AB587EC1A7B725C000AF4C3 /* Info.plist */,
			);
			name = "Supporting Files";
			sourceTree = "<group>";
		};
/* End PBXGroup section */

/* Begin PBXNativeTarget section */
		3AB587CD1A7B725C000AF4C3 /* CircleAnimationViewDemo */ = {
			isa = PBXNativeTarget;
			buildConfigurationList = 3AB587F11A7B725C000AF4C3 /* Build configuration list for PBXNativeTarget "CircleAnimationViewDemo" */;
			buildPhases = (
				3AB587CA1A7B725C000AF4C3 /* Sources */,
				3AB587CB1A7B725C000AF4C3 /* Frameworks */,
				3AB587CC1A7B725C000AF4C3 /* Resources */,
			);
			buildRules = (
			);
			dependencies = (
			);
			name = CircleAnimationViewDemo;
			productName = CircleAnimationViewDemo;
			productReference = 3AB587CE1A7B725C000AF4C3 /* CircleAnimationViewDemo.app */;
			productType = "com.apple.product-type.application";
		};
		3AB587E61A7B725C000AF4C3 /* CircleAnimationViewDemoTests */ = {
			isa = PBXNativeTarget;
			buildConfigurationList = 3AB587F41A7B725C000AF4C3 /* Build configuration list for PBXNativeTarget "CircleAnimationViewDemoTests" */;
			buildPhases = (
				3AB587E31A7B725C000AF4C3 /* Sources */,
				3AB587E41A7B725C000AF4C3 /* Frameworks */,
				3AB587E51A7B725C000AF4C3 /* Resources */,
			);
			buildRules = (
			);
			dependencies = (
				3AB587E91A7B725C000AF4C3 /* PBXTargetDependency */,
			);
			name = CircleAnimationViewDemoTests;
			productName = CircleAnimationViewDemoTests;
			productReference = 3AB587E71A7B725C000AF4C3 /* CircleAnimationViewDemoTests.xctest */;
			productType = "com.apple.product-type.bundle.unit-test";
		};
/* End PBXNativeTarget section */

/* Begin PBXProject section */
		3AB587C61A7B725C000AF4C3 /* Project object */ = {
			isa = PBXProject;
			attributes = {
				LastUpgradeCheck = 0610;
				ORGANIZATIONNAME = enuke;
				TargetAttributes = {
					3AB587CD1A7B725C000AF4C3 = {
						CreatedOnToolsVersion = 6.1.1;
					};
					3AB587E61A7B725C000AF4C3 = {
						CreatedOnToolsVersion = 6.1.1;
						TestTargetID = 3AB587CD1A7B725C000AF4C3;
					};
				};
			};
			buildConfigurationList = 3AB587C91A7B725C000AF4C3 /* Build configuration list for PBXProject "CircleAnimationViewDemo" */;
			compatibilityVersion = "Xcode 3.2";
			developmentRegion = English;
			hasScannedForEncodings = 0;
			knownRegions = (
				en,
				Base,
			);
			mainGroup = 3AB587C51A7B725C000AF4C3;
			productRefGroup = 3AB587CF1A7B725C000AF4C3 /* Products */;
			projectDirPath = "";
			projectRoot = "";
			targets = (
				3AB587CD1A7B725C000AF4C3 /* CircleAnimationViewDemo */,
				3AB587E61A7B725C000AF4C3 /* CircleAnimationViewDemoTests */,
			);
		};
/* End PBXProject section */

/* Begin PBXResourcesBuildPhase section */
		3AB587CC1A7B725C000AF4C3 /* Resources */ = {
			isa = PBXResourcesBuildPhase;
			buildActionMask = 2147483647;
			files = (
				3AB587DD1A7B725C000AF4C3 /* Main.storyboard in Resources */,
				3AB587E21A7B725C000AF4C3 /* LaunchScreen.xib in Resources */,
				3AB587DF1A7B725C000AF4C3 /* Images.xcassets in Resources */,
			);
			runOnlyForDeploymentPostprocessing = 0;
		};
		3AB587E51A7B725C000AF4C3 /* Resources */ = {
			isa = PBXResourcesBuildPhase;
			buildActionMask = 2147483647;
			files = (
			);
			runOnlyForDeploymentPostprocessing = 0;
		};
/* End PBXResourcesBuildPhase section */

/* Begin PBXSourcesBuildPhase section */
		3AB587CA1A7B725C000AF4C3 /* Sources */ = {
			isa = PBXSourcesBuildPhase;
			buildActionMask = 2147483647;
			files = (
				3AB587FC1A7B727F000AF4C3 /* Thub.m in Sources */,
				3AB587DA1A7B725C000AF4C3 /* ViewController.m in Sources */,
				3AB587F91A7B7273000AF4C3 /* Circle.m in Sources */,
				3AB587D71A7B725C000AF4C3 /* AppDelegate.m in Sources */,
				3AB587D41A7B725C000AF4C3 /* main.m in Sources */,
			);
			runOnlyForDeploymentPostprocessing = 0;
		};
		3AB587E31A7B725C000AF4C3 /* Sources */ = {
			isa = PBXSourcesBuildPhase;
			buildActionMask = 2147483647;
			files = (
				3AB587EE1A7B725C000AF4C3 /* CircleAnimationViewDemoTests.m in Sources */,
			);
			runOnlyForDeploymentPostprocessing = 0;
		};
/* End PBXSourcesBuildPhase section */

/* Begin PBXTargetDependency section */
		3AB587E91A7B725C000AF4C3 /* PBXTargetDependency */ = {
			isa = PBXTargetDependency;
			target = 3AB587CD1A7B725C000AF4C3 /* CircleAnimationViewDemo */;
			targetProxy = 3AB587E81A7B725C000AF4C3 /* PBXContainerItemProxy */;
		};
/* End PBXTargetDependency section */

/* Begin PBXVariantGroup section */
		3AB587DB1A7B725C000AF4C3 /* Main.storyboard */ = {
			isa = PBXVariantGroup;
			children = (
				3AB587DC1A7B725C000AF4C3 /* Base */,
			);
			name = Main.storyboard;
			sourceTree = "<group>";
		};
		3AB587E01A7B725C000AF4C3 /* LaunchScreen.xib */ = {
			isa = PBXVariantGroup;
			children = (
				3AB587E11A7B725C000AF4C3 /* Base */,
			);
			name = LaunchScreen.xib;
			sourceTree = "<group>";
		};
/* End PBXVariantGroup section */

/* Begin XCBuildConfiguration section */
		3AB587EF1A7B725C000AF4C3 /* Debug */ = {
			isa = XCBuildConfiguration;
			buildSettings = {
				ALWAYS_SEARCH_USER_PATHS = NO;
				CLANG_CXX_LANGUAGE_STANDARD = "gnu++0x";
				CLANG_CXX_LIBRARY = "libc++";
				CLANG_ENABLE_MODULES = YES;
				CLANG_ENABLE_OBJC_ARC = YES;
				CLANG_WARN_BOOL_CONVERSION = YES;
				CLANG_WARN_CONSTANT_CONVERSION = YES;
				CLANG_WARN_DIRECT_OBJC_ISA_USAGE = YES_ERROR;
				CLANG_WARN_EMPTY_BODY = YES;
				CLANG_WARN_ENUM_CONVERSION = YES;
				CLANG_WARN_INT_CONVERSION = YES;
				CLANG_WARN_OBJC_ROOT_CLASS = YES_ERROR;
				CLANG_WARN_UNREACHABLE_CODE = YES;
				CLANG_WARN__DUPLICATE_METHOD_MATCH = YES;
				"CODE_SIGN_IDENTITY[sdk=iphoneos*]" = "iPhone Developer";
				COPY_PHASE_STRIP = NO;
				ENABLE_STRICT_OBJC_MSGSEND = YES;
				GCC_C_LANGUAGE_STANDARD = gnu99;
				GCC_DYNAMIC_NO_PIC = NO;
				GCC_OPTIMIZATION_LEVEL = 0;
				GCC_PREPROCESSOR_DEFINITIONS = (
					"DEBUG=1",
					"$(inherited)",
				);
				GCC_SYMBOLS_PRIVATE_EXTERN = NO;
				GCC_WARN_64_TO_32_BIT_CONVERSION = YES;
				GCC_WARN_ABOUT_RETURN_TYPE = YES_ERROR;
				GCC_WARN_UNDECLARED_SELECTOR = YES;
				GCC_WARN_UNINITIALIZED_AUTOS = YES_AGGRESSIVE;
				GCC_WARN_UNUSED_FUNCTION = YES;
				GCC_WARN_UNUSED_VARIABLE = YES;
				IPHONEOS_DEPLOYMENT_TARGET = 8.1;
				MTL_ENABLE_DEBUG_INFO = YES;
				ONLY_ACTIVE_ARCH = YES;
				SDKROOT = iphoneos;
				TARGETED_DEVICE_FAMILY = "1,2";
			};
			name = Debug;
		};
		3AB587F01A7B725C000AF4C3 /* Release */ = {
			isa = XCBuildConfiguration;
			buildSettings = {
				ALWAYS_SEARCH_USER_PATHS = NO;
				CLANG_CXX_LANGUAGE_STANDARD = "gnu++0x";
				CLANG_CXX_LIBRARY = "libc++";
				CLANG_ENABLE_MODULES = YES;
				CLANG_ENABLE_OBJC_ARC = YES;
				CLANG_WARN_BOOL_CONVERSION = YES;
				CLANG_WARN_CONSTANT_CONVERSION = YES;
				CLANG_WARN_DIRECT_OBJC_ISA_USAGE = YES_ERROR;
				CLANG_WARN_EMPTY_BODY = YES;
				CLANG_WARN_ENUM_CONVERSION = YES;
				CLANG_WARN_INT_CONVERSION = YES;
				CLANG_WARN_OBJC_ROOT_CLASS = YES_ERROR;
				CLANG_WARN_UNREACHABLE_CODE = YES;
				CLANG_WARN__DUPLICATE_METHOD_MATCH = YES;
				"CODE_SIGN_IDENTITY[sdk=iphoneos*]" = "iPhone Developer";
				COPY_PHASE_STRIP = YES;
				ENABLE_NS_ASSERTIONS = NO;
				ENABLE_STRICT_OBJC_MSGSEND = YES;
				GCC_C_LANGUAGE_STANDARD = gnu99;
				GCC_WARN_64_TO_32_BIT_CONVERSION = YES;
				GCC_WARN_ABOUT_RETURN_TYPE = YES_ERROR;
				GCC_WARN_UNDECLARED_SELECTOR = YES;
				GCC_WARN_UNINITIALIZED_AUTOS = YES_AGGRESSIVE;
				GCC_WARN_UNUSED_FUNCTION = YES;
				GCC_WARN_UNUSED_VARIABLE = YES;
				IPHONEOS_DEPLOYMENT_TARGET = 8.1;
				MTL_ENABLE_DEBUG_INFO = NO;
				SDKROOT = iphoneos;
				TARGETED_DEVICE_FAMILY = "1,2";
				VALIDATE_PRODUCT = YES;
			};
			name = Release;
		};
		3AB587F21A7B725C000AF4C3 /* Debug */ = {
			isa = XCBuildConfiguration;
			buildSettings = {
				ASSETCATALOG_COMPILER_APPICON_NAME = AppIcon;
				INFOPLIST_FILE = CircleAnimationViewDemo/Info.plist;
				LD_RUNPATH_SEARCH_PATHS = "$(inherited) @executable_path/Frameworks";
				PRODUCT_NAME = "$(TARGET_NAME)";
			};
			name = Debug;
		};
		3AB587F31A7B725C000AF4C3 /* Release */ = {
			isa = XCBuildConfiguration;
			buildSettings = {
				ASSETCATALOG_COMPILER_APPICON_NAME = AppIcon;
				INFOPLIST_FILE = CircleAnimationViewDemo/Info.plist;
				LD_RUNPATH_SEARCH_PATHS = "$(inherited) @executable_path/Frameworks";
				PRODUCT_NAME = "$(TARGET_NAME)";
			};
			name = Release;
		};
		3AB587F51A7B725C000AF4C3 /* Debug */ = {
			isa = XCBuildConfiguration;
			buildSettings = {
				BUNDLE_LOADER = "$(TEST_HOST)";
				FRAMEWORK_SEARCH_PATHS = (
					"$(SDKROOT)/Developer/Library/Frameworks",
					"$(inherited)",
				);
				GCC_PREPROCESSOR_DEFINITIONS = (
					"DEBUG=1",
					"$(inherited)",
				);
				INFOPLIST_FILE = CircleAnimationViewDemoTests/Info.plist;
				LD_RUNPATH_SEARCH_PATHS = "$(inherited) @executable_path/Frameworks @loader_path/Frameworks";
				PRODUCT_NAME = "$(TARGET_NAME)";
				TEST_HOST = "$(BUILT_PRODUCTS_DIR)/CircleAnimationViewDemo.app/CircleAnimationViewDemo";
			};
			name = Debug;
		};
		3AB587F61A7B725C000AF4C3 /* Release */ = {
			isa = XCBuildConfiguration;
			buildSettings = {
				BUNDLE_LOADER = "$(TEST_HOST)";
				FRAMEWORK_SEARCH_PATHS = (
					"$(SDKROOT)/Developer/Library/Frameworks",
					"$(inherited)",
				);
				INFOPLIST_FILE = CircleAnimationViewDemoTests/Info.plist;
				LD_RUNPATH_SEARCH_PATHS = "$(inherited) @executable_path/Frameworks @loader_path/Frameworks";
				PRODUCT_NAME = "$(TARGET_NAME)";
				TEST_HOST = "$(BUILT_PRODUCTS_DIR)/CircleAnimationViewDemo.app/CircleAnimationViewDemo";
			};
			name = Release;
		};
/* End XCBuildConfiguration section */

/* Begin XCConfigurationList section */
		3AB587C91A7B725C000AF4C3 /* Build configuration list for PBXProject "CircleAnimationViewDemo" */ = {
			isa = XCConfigurationList;
			buildConfigurations = (
				3AB587EF1A7B725C000AF4C3 /* Debug */,
				3AB587F01A7B725C000AF4C3 /* Release */,
			);
			defaultConfigurationIsVisible = 0;
			defaultConfigurationName = Release;
		};
		3AB587F11A7B725C000AF4C3 /* Build configuration list for PBXNativeTarget "CircleAnimationViewDemo" */ = {
			isa = XCConfigurationList;
			buildConfigurations = (
				3AB587F21A7B725C000AF4C3 /* Debug */,
				3AB587F31A7B725C000AF4C3 /* Release */,
			);
			defaultConfigurationIsVisible = 0;
		};
		3AB587F41A7B725C000AF4C3 /* Build configuration list for PBXNativeTarget "CircleAnimationViewDemoTests" */ = {
			isa = XCConfigurationList;
			buildConfigurations = (
				3AB587F51A7B725C000AF4C3 /* Debug */,
				3AB587F61A7B725C000AF4C3 /* Release */,
			);
			defaultConfigurationIsVisible = 0;
		};
/* End XCConfigurationList section */
	};
	rootObject = 3AB587C61A7B725C000AF4C3 /* Project object */;
}
