// !$*UTF8*$!
{
	archiveVersion = 1;
	classes = {
	};
	objectVersion = 46;
	objects = {

/* Begin PBXBuildFile section */
		3A70D19C1A7F63C0008B35BD /* main.m in Sources */ = {isa = PBXBuildFile; fileRef = 3A70D19B1A7F63C0008B35BD /* main.m */; };
		3A70D19F1A7F63C0008B35BD /* AppDelegate.m in Sources */ = {isa = PBXBuildFile; fileRef = 3A70D19E1A7F63C0008B35BD /* AppDelegate.m */; };
		3A70D1A21A7F63C0008B35BD /* ViewController.m in Sources */ = {isa = PBXBuildFile; fileRef = 3A70D1A11A7F63C0008B35BD /* ViewController.m */; };
		3A70D1A51A7F63C0008B35BD /* Main.storyboard in Resources */ = {isa = PBXBuildFile; fileRef = 3A70D1A31A7F63C0008B35BD /* Main.storyboard */; };
		3A70D1A71A7F63C0008B35BD /* Images.xcassets in Resources */ = {isa = PBXBuildFile; fileRef = 3A70D1A61A7F63C0008B35BD /* Images.xcassets */; };
		3A70D1AA1A7F63C0008B35BD /* LaunchScreen.xib in Resources */ = {isa = PBXBuildFile; fileRef = 3A70D1A81A7F63C0008B35BD /* LaunchScreen.xib */; };
		3A70D1B61A7F63C0008B35BD /* CityParseDemoTests.m in Sources */ = {isa = PBXBuildFile; fileRef = 3A70D1B51A7F63C0008B35BD /* CityParseDemoTests.m */; };
		3A70D1C01A7F63CD008B35BD /* city_quanguo2.plist in Resources */ = {isa = PBXBuildFile; fileRef = 3A70D1BF1A7F63CD008B35BD /* city_quanguo2.plist */; };
/* End PBXBuildFile section */

/* Begin PBXContainerItemProxy section */
		3A70D1B01A7F63C0008B35BD /* PBXContainerItemProxy */ = {
			isa = PBXContainerItemProxy;
			containerPortal = 3A70D18E1A7F63C0008B35BD /* Project object */;
			proxyType = 1;
			remoteGlobalIDString = 3A70D1951A7F63C0008B35BD;
			remoteInfo = CityParseDemo;
		};
/* End PBXContainerItemProxy section */

/* Begin PBXFileReference section */
		3A70D1961A7F63C0008B35BD /* CityParseDemo.app */ = {isa = PBXFileReference; explicitFileType = wrapper.application; includeInIndex = 0; path = CityParseDemo.app; sourceTree = BUILT_PRODUCTS_DIR; };
		3A70D19A1A7F63C0008B35BD /* Info.plist */ = {isa = PBXFileReference; lastKnownFileType = text.plist.xml; path = Info.plist; sourceTree = "<group>"; };
		3A70D19B1A7F63C0008B35BD /* main.m */ = {isa = PBXFileReference; lastKnownFileType = sourcecode.c.objc; path = main.m; sourceTree = "<group>"; };
		3A70D19D1A7F63C0008B35BD /* AppDelegate.h */ = {isa = PBXFileReference; lastKnownFileType = sourcecode.c.h; path = AppDelegate.h; sourceTree = "<group>"; };
		3A70D19E1A7F63C0008B35BD /* AppDelegate.m */ = {isa = PBXFileReference; lastKnownFileType = sourcecode.c.objc; path = AppDelegate.m; sourceTree = "<group>"; };
		3A70D1A01A7F63C0008B35BD /* ViewController.h */ = {isa = PBXFileReference; lastKnownFileType = sourcecode.c.h; path = ViewController.h; sourceTree = "<group>"; };
		3A70D1A11A7F63C0008B35BD /* ViewController.m */ = {isa = PBXFileReference; lastKnownFileType = sourcecode.c.objc; path = ViewController.m; sourceTree = "<group>"; };
		3A70D1A41A7F63C0008B35BD /* Base */ = {isa = PBXFileReference; lastKnownFileType = file.storyboard; name = Base; path = Base.lproj/Main.storyboard; sourceTree = "<group>"; };
		3A70D1A61A7F63C0008B35BD /* Images.xcassets */ = {isa = PBXFileReference; lastKnownFileType = folder.assetcatalog; path = Images.xcassets; sourceTree = "<group>"; };
		3A70D1A91A7F63C0008B35BD /* Base */ = {isa = PBXFileReference; lastKnownFileType = file.xib; name = Base; path = Base.lproj/LaunchScreen.xib; sourceTree = "<group>"; };
		3A70D1AF1A7F63C0008B35BD /* CityParseDemoTests.xctest */ = {isa = PBXFileReference; explicitFileType = wrapper.cfbundle; includeInIndex = 0; path = CityParseDemoTests.xctest; sourceTree = BUILT_PRODUCTS_DIR; };
		3A70D1B41A7F63C0008B35BD /* Info.plist */ = {isa = PBXFileReference; lastKnownFileType = text.plist.xml; path = Info.plist; sourceTree = "<group>"; };
		3A70D1B51A7F63C0008B35BD /* CityParseDemoTests.m */ = {isa = PBXFileReference; lastKnownFileType = sourcecode.c.objc; path = CityParseDemoTests.m; sourceTree = "<group>"; };
		3A70D1BF1A7F63CD008B35BD /* city_quanguo2.plist */ = {isa = PBXFileReference; fileEncoding = 4; lastKnownFileType = text.plist.xml; path = city_quanguo2.plist; sourceTree = "<group>"; };
/* End PBXFileReference section */

/* Begin PBXFrameworksBuildPhase section */
		3A70D1931A7F63C0008B35BD /* Frameworks */ = {
			isa = PBXFrameworksBuildPhase;
			buildActionMask = 2147483647;
			files = (
			);
			runOnlyForDeploymentPostprocessing = 0;
		};
		3A70D1AC1A7F63C0008B35BD /* Frameworks */ = {
			isa = PBXFrameworksBuildPhase;
			buildActionMask = 2147483647;
			files = (
			);
			runOnlyForDeploymentPostprocessing = 0;
		};
/* End PBXFrameworksBuildPhase section */

/* Begin PBXGroup section */
		3A70D18D1A7F63C0008B35BD = {
			isa = PBXGroup;
			children = (
				3A70D1981A7F63C0008B35BD /* CityParseDemo */,
				3A70D1B21A7F63C0008B35BD /* CityParseDemoTests */,
				3A70D1971A7F63C0008B35BD /* Products */,
			);
			sourceTree = "<group>";
		};
		3A70D1971A7F63C0008B35BD /* Products */ = {
			isa = PBXGroup;
			children = (
				3A70D1961A7F63C0008B35BD /* CityParseDemo.app */,
				3A70D1AF1A7F63C0008B35BD /* CityParseDemoTests.xctest */,
			);
			name = Products;
			sourceTree = "<group>";
		};
		3A70D1981A7F63C0008B35BD /* CityParseDemo */ = {
			isa = PBXGroup;
			children = (
				3A70D19D1A7F63C0008B35BD /* AppDelegate.h */,
				3A70D19E1A7F63C0008B35BD /* AppDelegate.m */,
				3A70D1A01A7F63C0008B35BD /* ViewController.h */,
				3A70D1A11A7F63C0008B35BD /* ViewController.m */,
				3A70D1BF1A7F63CD008B35BD /* city_quanguo2.plist */,
				3A70D1A31A7F63C0008B35BD /* Main.storyboard */,
				3A70D1A61A7F63C0008B35BD /* Images.xcassets */,
				3A70D1A81A7F63C0008B35BD /* LaunchScreen.xib */,
				3A70D1991A7F63C0008B35BD /* Supporting Files */,
			);
			path = CityParseDemo;
			sourceTree = "<group>";
		};
		3A70D1991A7F63C0008B35BD /* Supporting Files */ = {
			isa = PBXGroup;
			children = (
				3A70D19A1A7F63C0008B35BD /* Info.plist */,
				3A70D19B1A7F63C0008B35BD /* main.m */,
			);
			name = "Supporting Files";
			sourceTree = "<group>";
		};
		3A70D1B21A7F63C0008B35BD /* CityParseDemoTests */ = {
			isa = PBXGroup;
			children = (
				3A70D1B51A7F63C0008B35BD /* CityParseDemoTests.m */,
				3A70D1B31A7F63C0008B35BD /* Supporting Files */,
			);
			path = CityParseDemoTests;
			sourceTree = "<group>";
		};
		3A70D1B31A7F63C0008B35BD /* Supporting Files */ = {
			isa = PBXGroup;
			children = (
				3A70D1B41A7F63C0008B35BD /* Info.plist */,
			);
			name = "Supporting Files";
			sourceTree = "<group>";
		};
/* End PBXGroup section */

/* Begin PBXNativeTarget section */
		3A70D1951A7F63C0008B35BD /* CityParseDemo */ = {
			isa = PBXNativeTarget;
			buildConfigurationList = 3A70D1B91A7F63C0008B35BD /* Build configuration list for PBXNativeTarget "CityParseDemo" */;
			buildPhases = (
				3A70D1921A7F63C0008B35BD /* Sources */,
				3A70D1931A7F63C0008B35BD /* Frameworks */,
				3A70D1941A7F63C0008B35BD /* Resources */,
			);
			buildRules = (
			);
			dependencies = (
			);
			name = CityParseDemo;
			productName = CityParseDemo;
			productReference = 3A70D1961A7F63C0008B35BD /* CityParseDemo.app */;
			productType = "com.apple.product-type.application";
		};
		3A70D1AE1A7F63C0008B35BD /* CityParseDemoTests */ = {
			isa = PBXNativeTarget;
			buildConfigurationList = 3A70D1BC1A7F63C0008B35BD /* Build configuration list for PBXNativeTarget "CityParseDemoTests" */;
			buildPhases = (
				3A70D1AB1A7F63C0008B35BD /* Sources */,
				3A70D1AC1A7F63C0008B35BD /* Frameworks */,
				3A70D1AD1A7F63C0008B35BD /* Resources */,
			);
			buildRules = (
			);
			dependencies = (
				3A70D1B11A7F63C0008B35BD /* PBXTargetDependency */,
			);
			name = CityParseDemoTests;
			productName = CityParseDemoTests;
			productReference = 3A70D1AF1A7F63C0008B35BD /* CityParseDemoTests.xctest */;
			productType = "com.apple.product-type.bundle.unit-test";
		};
/* End PBXNativeTarget section */

/* Begin PBXProject section */
		3A70D18E1A7F63C0008B35BD /* Project object */ = {
			isa = PBXProject;
			attributes = {
				LastUpgradeCheck = 0610;
				ORGANIZATIONNAME = enuke;
				TargetAttributes = {
					3A70D1951A7F63C0008B35BD = {
						CreatedOnToolsVersion = 6.1.1;
					};
					3A70D1AE1A7F63C0008B35BD = {
						CreatedOnToolsVersion = 6.1.1;
						TestTargetID = 3A70D1951A7F63C0008B35BD;
					};
				};
			};
			buildConfigurationList = 3A70D1911A7F63C0008B35BD /* Build configuration list for PBXProject "CityParseDemo" */;
			compatibilityVersion = "Xcode 3.2";
			developmentRegion = English;
			hasScannedForEncodings = 0;
			knownRegions = (
				en,
				Base,
			);
			mainGroup = 3A70D18D1A7F63C0008B35BD;
			productRefGroup = 3A70D1971A7F63C0008B35BD /* Products */;
			projectDirPath = "";
			projectRoot = "";
			targets = (
				3A70D1951A7F63C0008B35BD /* CityParseDemo */,
				3A70D1AE1A7F63C0008B35BD /* CityParseDemoTests */,
			);
		};
/* End PBXProject section */

/* Begin PBXResourcesBuildPhase section */
		3A70D1941A7F63C0008B35BD /* Resources */ = {
			isa = PBXResourcesBuildPhase;
			buildActionMask = 2147483647;
			files = (
				3A70D1C01A7F63CD008B35BD /* city_quanguo2.plist in Resources */,
				3A70D1A51A7F63C0008B35BD /* Main.storyboard in Resources */,
				3A70D1AA1A7F63C0008B35BD /* LaunchScreen.xib in Resources */,
				3A70D1A71A7F63C0008B35BD /* Images.xcassets in Resources */,
			);
			runOnlyForDeploymentPostprocessing = 0;
		};
		3A70D1AD1A7F63C0008B35BD /* Resources */ = {
			isa = PBXResourcesBuildPhase;
			buildActionMask = 2147483647;
			files = (
			);
			runOnlyForDeploymentPostprocessing = 0;
		};
/* End PBXResourcesBuildPhase section */

/* Begin PBXSourcesBuildPhase section */
		3A70D1921A7F63C0008B35BD /* Sources */ = {
			isa = PBXSourcesBuildPhase;
			buildActionMask = 2147483647;
			files = (
				3A70D1A21A7F63C0008B35BD /* ViewController.m in Sources */,
				3A70D19F1A7F63C0008B35BD /* AppDelegate.m in Sources */,
				3A70D19C1A7F63C0008B35BD /* main.m in Sources */,
			);
			runOnlyForDeploymentPostprocessing = 0;
		};
		3A70D1AB1A7F63C0008B35BD /* Sources */ = {
			isa = PBXSourcesBuildPhase;
			buildActionMask = 2147483647;
			files = (
				3A70D1B61A7F63C0008B35BD /* CityParseDemoTests.m in Sources */,
			);
			runOnlyForDeploymentPostprocessing = 0;
		};
/* End PBXSourcesBuildPhase section */

/* Begin PBXTargetDependency section */
		3A70D1B11A7F63C0008B35BD /* PBXTargetDependency */ = {
			isa = PBXTargetDependency;
			target = 3A70D1951A7F63C0008B35BD /* CityParseDemo */;
			targetProxy = 3A70D1B01A7F63C0008B35BD /* PBXContainerItemProxy */;
		};
/* End PBXTargetDependency section */

/* Begin PBXVariantGroup section */
		3A70D1A31A7F63C0008B35BD /* Main.storyboard */ = {
			isa = PBXVariantGroup;
			children = (
				3A70D1A41A7F63C0008B35BD /* Base */,
			);
			name = Main.storyboard;
			sourceTree = "<group>";
		};
		3A70D1A81A7F63C0008B35BD /* LaunchScreen.xib */ = {
			isa = PBXVariantGroup;
			children = (
				3A70D1A91A7F63C0008B35BD /* Base */,
			);
			name = LaunchScreen.xib;
			sourceTree = "<group>";
		};
/* End PBXVariantGroup section */

/* Begin XCBuildConfiguration section */
		3A70D1B71A7F63C0008B35BD /* Debug */ = {
			isa = XCBuildConfiguration;
			buildSettings = {
				ALWAYS_SEARCH_USER_PATHS = NO;
				CLANG_CXX_LANGUAGE_STANDARD = "gnu++0x";
				CLANG_CXX_LIBRARY = "libc++";
				CLANG_ENABLE_MODULES = YES;
				CLANG_ENABLE_OBJC_ARC = YES;
				CLANG_WARN_BOOL_CONVERSION = YES;
				CLANG_WARN_CONSTANT_CONVERSION = YES;
				CLANG_WARN_DIRECT_OBJC_ISA_USAGE = YES_ERROR;
				CLANG_WARN_EMPTY_BODY = YES;
				CLANG_WARN_ENUM_CONVERSION = YES;
				CLANG_WARN_INT_CONVERSION = YES;
				CLANG_WARN_OBJC_ROOT_CLASS = YES_ERROR;
				CLANG_WARN_UNREACHABLE_CODE = YES;
				CLANG_WARN__DUPLICATE_METHOD_MATCH = YES;
				"CODE_SIGN_IDENTITY[sdk=iphoneos*]" = "iPhone Developer";
				COPY_PHASE_STRIP = NO;
				ENABLE_STRICT_OBJC_MSGSEND = YES;
				GCC_C_LANGUAGE_STANDARD = gnu99;
				GCC_DYNAMIC_NO_PIC = NO;
				GCC_OPTIMIZATION_LEVEL = 0;
				GCC_PREPROCESSOR_DEFINITIONS = (
					"DEBUG=1",
					"$(inherited)",
				);
				GCC_SYMBOLS_PRIVATE_EXTERN = NO;
				GCC_WARN_64_TO_32_BIT_CONVERSION = YES;
				GCC_WARN_ABOUT_RETURN_TYPE = YES_ERROR;
				GCC_WARN_UNDECLARED_SELECTOR = YES;
				GCC_WARN_UNINITIALIZED_AUTOS = YES_AGGRESSIVE;
				GCC_WARN_UNUSED_FUNCTION = YES;
				GCC_WARN_UNUSED_VARIABLE = YES;
				IPHONEOS_DEPLOYMENT_TARGET = 8.1;
				MTL_ENABLE_DEBUG_INFO = YES;
				ONLY_ACTIVE_ARCH = YES;
				SDKROOT = iphoneos;
				TARGETED_DEVICE_FAMILY = "1,2";
			};
			name = Debug;
		};
		3A70D1B81A7F63C0008B35BD /* Release */ = {
			isa = XCBuildConfiguration;
			buildSettings = {
				ALWAYS_SEARCH_USER_PATHS = NO;
				CLANG_CXX_LANGUAGE_STANDARD = "gnu++0x";
				CLANG_CXX_LIBRARY = "libc++";
				CLANG_ENABLE_MODULES = YES;
				CLANG_ENABLE_OBJC_ARC = YES;
				CLANG_WARN_BOOL_CONVERSION = YES;
				CLANG_WARN_CONSTANT_CONVERSION = YES;
				CLANG_WARN_DIRECT_OBJC_ISA_USAGE = YES_ERROR;
				CLANG_WARN_EMPTY_BODY = YES;
				CLANG_WARN_ENUM_CONVERSION = YES;
				CLANG_WARN_INT_CONVERSION = YES;
				CLANG_WARN_OBJC_ROOT_CLASS = YES_ERROR;
				CLANG_WARN_UNREACHABLE_CODE = YES;
				CLANG_WARN__DUPLICATE_METHOD_MATCH = YES;
				"CODE_SIGN_IDENTITY[sdk=iphoneos*]" = "iPhone Developer";
				COPY_PHASE_STRIP = YES;
				ENABLE_NS_ASSERTIONS = NO;
				ENABLE_STRICT_OBJC_MSGSEND = YES;
				GCC_C_LANGUAGE_STANDARD = gnu99;
				GCC_WARN_64_TO_32_BIT_CONVERSION = YES;
				GCC_WARN_ABOUT_RETURN_TYPE = YES_ERROR;
				GCC_WARN_UNDECLARED_SELECTOR = YES;
				GCC_WARN_UNINITIALIZED_AUTOS = YES_AGGRESSIVE;
				GCC_WARN_UNUSED_FUNCTION = YES;
				GCC_WARN_UNUSED_VARIABLE = YES;
				IPHONEOS_DEPLOYMENT_TARGET = 8.1;
				MTL_ENABLE_DEBUG_INFO = NO;
				SDKROOT = iphoneos;
				TARGETED_DEVICE_FAMILY = "1,2";
				VALIDATE_PRODUCT = YES;
			};
			name = Release;
		};
		3A70D1BA1A7F63C0008B35BD /* Debug */ = {
			isa = XCBuildConfiguration;
			buildSettings = {
				ASSETCATALOG_COMPILER_APPICON_NAME = AppIcon;
				INFOPLIST_FILE = CityParseDemo/Info.plist;
				LD_RUNPATH_SEARCH_PATHS = "$(inherited) @executable_path/Frameworks";
				PRODUCT_NAME = "$(TARGET_NAME)";
			};
			name = Debug;
		};
		3A70D1BB1A7F63C0008B35BD /* Release */ = {
			isa = XCBuildConfiguration;
			buildSettings = {
				ASSETCATALOG_COMPILER_APPICON_NAME = AppIcon;
				INFOPLIST_FILE = CityParseDemo/Info.plist;
				LD_RUNPATH_SEARCH_PATHS = "$(inherited) @executable_path/Frameworks";
				PRODUCT_NAME = "$(TARGET_NAME)";
			};
			name = Release;
		};
		3A70D1BD1A7F63C0008B35BD /* Debug */ = {
			isa = XCBuildConfiguration;
			buildSettings = {
				BUNDLE_LOADER = "$(TEST_HOST)";
				FRAMEWORK_SEARCH_PATHS = (
					"$(SDKROOT)/Developer/Library/Frameworks",
					"$(inherited)",
				);
				GCC_PREPROCESSOR_DEFINITIONS = (
					"DEBUG=1",
					"$(inherited)",
				);
				INFOPLIST_FILE = CityParseDemoTests/Info.plist;
				LD_RUNPATH_SEARCH_PATHS = "$(inherited) @executable_path/Frameworks @loader_path/Frameworks";
				PRODUCT_NAME = "$(TARGET_NAME)";
				TEST_HOST = "$(BUILT_PRODUCTS_DIR)/CityParseDemo.app/CityParseDemo";
			};
			name = Debug;
		};
		3A70D1BE1A7F63C0008B35BD /* Release */ = {
			isa = XCBuildConfiguration;
			buildSettings = {
				BUNDLE_LOADER = "$(TEST_HOST)";
				FRAMEWORK_SEARCH_PATHS = (
					"$(SDKROOT)/Developer/Library/Frameworks",
					"$(inherited)",
				);
				INFOPLIST_FILE = CityParseDemoTests/Info.plist;
				LD_RUNPATH_SEARCH_PATHS = "$(inherited) @executable_path/Frameworks @loader_path/Frameworks";
				PRODUCT_NAME = "$(TARGET_NAME)";
				TEST_HOST = "$(BUILT_PRODUCTS_DIR)/CityParseDemo.app/CityParseDemo";
			};
			name = Release;
		};
/* End XCBuildConfiguration section */

/* Begin XCConfigurationList section */
		3A70D1911A7F63C0008B35BD /* Build configuration list for PBXProject "CityParseDemo" */ = {
			isa = XCConfigurationList;
			buildConfigurations = (
				3A70D1B71A7F63C0008B35BD /* Debug */,
				3A70D1B81A7F63C0008B35BD /* Release */,
			);
			defaultConfigurationIsVisible = 0;
			defaultConfigurationName = Release;
		};
		3A70D1B91A7F63C0008B35BD /* Build configuration list for PBXNativeTarget "CityParseDemo" */ = {
			isa = XCConfigurationList;
			buildConfigurations = (
				3A70D1BA1A7F63C0008B35BD /* Debug */,
				3A70D1BB1A7F63C0008B35BD /* Release */,
			);
			defaultConfigurationIsVisible = 0;
		};
		3A70D1BC1A7F63C0008B35BD /* Build configuration list for PBXNativeTarget "CityParseDemoTests" */ = {
			isa = XCConfigurationList;
			buildConfigurations = (
				3A70D1BD1A7F63C0008B35BD /* Debug */,
				3A70D1BE1A7F63C0008B35BD /* Release */,
			);
			defaultConfigurationIsVisible = 0;
		};
/* End XCConfigurationList section */
	};
	rootObject = 3A70D18E1A7F63C0008B35BD /* Project object */;
}
