// !$*UTF8*$!
{
	archiveVersion = 1;
	classes = {
	};
	objectVersion = 46;
	objects = {

/* Begin PBXBuildFile section */
		3A1139201A8240F1008799D7 /* AppDelegate.swift in Sources */ = {isa = PBXBuildFile; fileRef = 3A11391F1A8240F1008799D7 /* AppDelegate.swift */; };
		3A1139221A8240F1008799D7 /* ViewController.swift in Sources */ = {isa = PBXBuildFile; fileRef = 3A1139211A8240F1008799D7 /* ViewController.swift */; };
		3A1139251A8240F1008799D7 /* Main.storyboard in Resources */ = {isa = PBXBuildFile; fileRef = 3A1139231A8240F1008799D7 /* Main.storyboard */; };
		3A1139271A8240F1008799D7 /* Images.xcassets in Resources */ = {isa = PBXBuildFile; fileRef = 3A1139261A8240F1008799D7 /* Images.xcassets */; };
		3A11392A1A8240F1008799D7 /* LaunchScreen.xib in Resources */ = {isa = PBXBuildFile; fileRef = 3A1139281A8240F1008799D7 /* LaunchScreen.xib */; };
		3A1139361A8240F1008799D7 /* QRCodeDemoTests.swift in Sources */ = {isa = PBXBuildFile; fileRef = 3A1139351A8240F1008799D7 /* QRCodeDemoTests.swift */; };
		3A1139401A824110008799D7 /* AVFoundation.framework in Frameworks */ = {isa = PBXBuildFile; fileRef = 3A11393F1A824110008799D7 /* AVFoundation.framework */; };
		3A1139421A824802008799D7 /* QRViewController.swift in Sources */ = {isa = PBXBuildFile; fileRef = 3A1139411A824802008799D7 /* QRViewController.swift */; };
/* End PBXBuildFile section */

/* Begin PBXContainerItemProxy section */
		3A1139301A8240F1008799D7 /* PBXContainerItemProxy */ = {
			isa = PBXContainerItemProxy;
			containerPortal = 3A1139121A8240F1008799D7 /* Project object */;
			proxyType = 1;
			remoteGlobalIDString = 3A1139191A8240F1008799D7;
			remoteInfo = QRCodeDemo;
		};
/* End PBXContainerItemProxy section */

/* Begin PBXFileReference section */
		3A11391A1A8240F1008799D7 /* QRCodeDemo.app */ = {isa = PBXFileReference; explicitFileType = wrapper.application; includeInIndex = 0; path = QRCodeDemo.app; sourceTree = BUILT_PRODUCTS_DIR; };
		3A11391E1A8240F1008799D7 /* Info.plist */ = {isa = PBXFileReference; lastKnownFileType = text.plist.xml; path = Info.plist; sourceTree = "<group>"; };
		3A11391F1A8240F1008799D7 /* AppDelegate.swift */ = {isa = PBXFileReference; lastKnownFileType = sourcecode.swift; path = AppDelegate.swift; sourceTree = "<group>"; };
		3A1139211A8240F1008799D7 /* ViewController.swift */ = {isa = PBXFileReference; lastKnownFileType = sourcecode.swift; path = ViewController.swift; sourceTree = "<group>"; };
		3A1139241A8240F1008799D7 /* Base */ = {isa = PBXFileReference; lastKnownFileType = file.storyboard; name = Base; path = Base.lproj/Main.storyboard; sourceTree = "<group>"; };
		3A1139261A8240F1008799D7 /* Images.xcassets */ = {isa = PBXFileReference; lastKnownFileType = folder.assetcatalog; path = Images.xcassets; sourceTree = "<group>"; };
		3A1139291A8240F1008799D7 /* Base */ = {isa = PBXFileReference; lastKnownFileType = file.xib; name = Base; path = Base.lproj/LaunchScreen.xib; sourceTree = "<group>"; };
		3A11392F1A8240F1008799D7 /* QRCodeDemoTests.xctest */ = {isa = PBXFileReference; explicitFileType = wrapper.cfbundle; includeInIndex = 0; path = QRCodeDemoTests.xctest; sourceTree = BUILT_PRODUCTS_DIR; };
		3A1139341A8240F1008799D7 /* Info.plist */ = {isa = PBXFileReference; lastKnownFileType = text.plist.xml; path = Info.plist; sourceTree = "<group>"; };
		3A1139351A8240F1008799D7 /* QRCodeDemoTests.swift */ = {isa = PBXFileReference; lastKnownFileType = sourcecode.swift; path = QRCodeDemoTests.swift; sourceTree = "<group>"; };
		3A11393F1A824110008799D7 /* AVFoundation.framework */ = {isa = PBXFileReference; lastKnownFileType = wrapper.framework; name = AVFoundation.framework; path = System/Library/Frameworks/AVFoundation.framework; sourceTree = SDKROOT; };
		3A1139411A824802008799D7 /* QRViewController.swift */ = {isa = PBXFileReference; fileEncoding = 4; lastKnownFileType = sourcecode.swift; path = QRViewController.swift; sourceTree = "<group>"; };
/* End PBXFileReference section */

/* Begin PBXFrameworksBuildPhase section */
		3A1139171A8240F1008799D7 /* Frameworks */ = {
			isa = PBXFrameworksBuildPhase;
			buildActionMask = 2147483647;
			files = (
				3A1139401A824110008799D7 /* AVFoundation.framework in Frameworks */,
			);
			runOnlyForDeploymentPostprocessing = 0;
		};
		3A11392C1A8240F1008799D7 /* Frameworks */ = {
			isa = PBXFrameworksBuildPhase;
			buildActionMask = 2147483647;
			files = (
			);
			runOnlyForDeploymentPostprocessing = 0;
		};
/* End PBXFrameworksBuildPhase section */

/* Begin PBXGroup section */
		3A1139111A8240F1008799D7 = {
			isa = PBXGroup;
			children = (
				3A11393F1A824110008799D7 /* AVFoundation.framework */,
				3A11391C1A8240F1008799D7 /* QRCodeDemo */,
				3A1139321A8240F1008799D7 /* QRCodeDemoTests */,
				3A11391B1A8240F1008799D7 /* Products */,
			);
			sourceTree = "<group>";
		};
		3A11391B1A8240F1008799D7 /* Products */ = {
			isa = PBXGroup;
			children = (
				3A11391A1A8240F1008799D7 /* QRCodeDemo.app */,
				3A11392F1A8240F1008799D7 /* QRCodeDemoTests.xctest */,
			);
			name = Products;
			sourceTree = "<group>";
		};
		3A11391C1A8240F1008799D7 /* QRCodeDemo */ = {
			isa = PBXGroup;
			children = (
				3A11391F1A8240F1008799D7 /* AppDelegate.swift */,
				3A1139211A8240F1008799D7 /* ViewController.swift */,
				3A1139411A824802008799D7 /* QRViewController.swift */,
				3A1139231A8240F1008799D7 /* Main.storyboard */,
				3A1139261A8240F1008799D7 /* Images.xcassets */,
				3A1139281A8240F1008799D7 /* LaunchScreen.xib */,
				3A11391D1A8240F1008799D7 /* Supporting Files */,
			);
			path = QRCodeDemo;
			sourceTree = "<group>";
		};
		3A11391D1A8240F1008799D7 /* Supporting Files */ = {
			isa = PBXGroup;
			children = (
				3A11391E1A8240F1008799D7 /* Info.plist */,
			);
			name = "Supporting Files";
			sourceTree = "<group>";
		};
		3A1139321A8240F1008799D7 /* QRCodeDemoTests */ = {
			isa = PBXGroup;
			children = (
				3A1139351A8240F1008799D7 /* QRCodeDemoTests.swift */,
				3A1139331A8240F1008799D7 /* Supporting Files */,
			);
			path = QRCodeDemoTests;
			sourceTree = "<group>";
		};
		3A1139331A8240F1008799D7 /* Supporting Files */ = {
			isa = PBXGroup;
			children = (
				3A1139341A8240F1008799D7 /* Info.plist */,
			);
			name = "Supporting Files";
			sourceTree = "<group>";
		};
/* End PBXGroup section */

/* Begin PBXNativeTarget section */
		3A1139191A8240F1008799D7 /* QRCodeDemo */ = {
			isa = PBXNativeTarget;
			buildConfigurationList = 3A1139391A8240F1008799D7 /* Build configuration list for PBXNativeTarget "QRCodeDemo" */;
			buildPhases = (
				3A1139161A8240F1008799D7 /* Sources */,
				3A1139171A8240F1008799D7 /* Frameworks */,
				3A1139181A8240F1008799D7 /* Resources */,
			);
			buildRules = (
			);
			dependencies = (
			);
			name = QRCodeDemo;
			productName = QRCodeDemo;
			productReference = 3A11391A1A8240F1008799D7 /* QRCodeDemo.app */;
			productType = "com.apple.product-type.application";
		};
		3A11392E1A8240F1008799D7 /* QRCodeDemoTests */ = {
			isa = PBXNativeTarget;
			buildConfigurationList = 3A11393C1A8240F1008799D7 /* Build configuration list for PBXNativeTarget "QRCodeDemoTests" */;
			buildPhases = (
				3A11392B1A8240F1008799D7 /* Sources */,
				3A11392C1A8240F1008799D7 /* Frameworks */,
				3A11392D1A8240F1008799D7 /* Resources */,
			);
			buildRules = (
			);
			dependencies = (
				3A1139311A8240F1008799D7 /* PBXTargetDependency */,
			);
			name = QRCodeDemoTests;
			productName = QRCodeDemoTests;
			productReference = 3A11392F1A8240F1008799D7 /* QRCodeDemoTests.xctest */;
			productType = "com.apple.product-type.bundle.unit-test";
		};
/* End PBXNativeTarget section */

/* Begin PBXProject section */
		3A1139121A8240F1008799D7 /* Project object */ = {
			isa = PBXProject;
			attributes = {
				LastUpgradeCheck = 0610;
				ORGANIZATIONNAME = enuke;
				TargetAttributes = {
					3A1139191A8240F1008799D7 = {
						CreatedOnToolsVersion = 6.1.1;
					};
					3A11392E1A8240F1008799D7 = {
						CreatedOnToolsVersion = 6.1.1;
						TestTargetID = 3A1139191A8240F1008799D7;
					};
				};
			};
			buildConfigurationList = 3A1139151A8240F1008799D7 /* Build configuration list for PBXProject "QRCodeDemo" */;
			compatibilityVersion = "Xcode 3.2";
			developmentRegion = English;
			hasScannedForEncodings = 0;
			knownRegions = (
				en,
				Base,
			);
			mainGroup = 3A1139111A8240F1008799D7;
			productRefGroup = 3A11391B1A8240F1008799D7 /* Products */;
			projectDirPath = "";
			projectRoot = "";
			targets = (
				3A1139191A8240F1008799D7 /* QRCodeDemo */,
				3A11392E1A8240F1008799D7 /* QRCodeDemoTests */,
			);
		};
/* End PBXProject section */

/* Begin PBXResourcesBuildPhase section */
		3A1139181A8240F1008799D7 /* Resources */ = {
			isa = PBXResourcesBuildPhase;
			buildActionMask = 2147483647;
			files = (
				3A1139251A8240F1008799D7 /* Main.storyboard in Resources */,
				3A11392A1A8240F1008799D7 /* LaunchScreen.xib in Resources */,
				3A1139271A8240F1008799D7 /* Images.xcassets in Resources */,
			);
			runOnlyForDeploymentPostprocessing = 0;
		};
		3A11392D1A8240F1008799D7 /* Resources */ = {
			isa = PBXResourcesBuildPhase;
			buildActionMask = 2147483647;
			files = (
			);
			runOnlyForDeploymentPostprocessing = 0;
		};
/* End PBXResourcesBuildPhase section */

/* Begin PBXSourcesBuildPhase section */
		3A1139161A8240F1008799D7 /* Sources */ = {
			isa = PBXSourcesBuildPhase;
			buildActionMask = 2147483647;
			files = (
				3A1139221A8240F1008799D7 /* ViewController.swift in Sources */,
				3A1139201A8240F1008799D7 /* AppDelegate.swift in Sources */,
				3A1139421A824802008799D7 /* QRViewController.swift in Sources */,
			);
			runOnlyForDeploymentPostprocessing = 0;
		};
		3A11392B1A8240F1008799D7 /* Sources */ = {
			isa = PBXSourcesBuildPhase;
			buildActionMask = 2147483647;
			files = (
				3A1139361A8240F1008799D7 /* QRCodeDemoTests.swift in Sources */,
			);
			runOnlyForDeploymentPostprocessing = 0;
		};
/* End PBXSourcesBuildPhase section */

/* Begin PBXTargetDependency section */
		3A1139311A8240F1008799D7 /* PBXTargetDependency */ = {
			isa = PBXTargetDependency;
			target = 3A1139191A8240F1008799D7 /* QRCodeDemo */;
			targetProxy = 3A1139301A8240F1008799D7 /* PBXContainerItemProxy */;
		};
/* End PBXTargetDependency section */

/* Begin PBXVariantGroup section */
		3A1139231A8240F1008799D7 /* Main.storyboard */ = {
			isa = PBXVariantGroup;
			children = (
				3A1139241A8240F1008799D7 /* Base */,
			);
			name = Main.storyboard;
			sourceTree = "<group>";
		};
		3A1139281A8240F1008799D7 /* LaunchScreen.xib */ = {
			isa = PBXVariantGroup;
			children = (
				3A1139291A8240F1008799D7 /* Base */,
			);
			name = LaunchScreen.xib;
			sourceTree = "<group>";
		};
/* End PBXVariantGroup section */

/* Begin XCBuildConfiguration section */
		3A1139371A8240F1008799D7 /* Debug */ = {
			isa = XCBuildConfiguration;
			buildSettings = {
				ALWAYS_SEARCH_USER_PATHS = NO;
				CLANG_CXX_LANGUAGE_STANDARD = "gnu++0x";
				CLANG_CXX_LIBRARY = "libc++";
				CLANG_ENABLE_MODULES = YES;
				CLANG_ENABLE_OBJC_ARC = YES;
				CLANG_WARN_BOOL_CONVERSION = YES;
				CLANG_WARN_CONSTANT_CONVERSION = YES;
				CLANG_WARN_DIRECT_OBJC_ISA_USAGE = YES_ERROR;
				CLANG_WARN_EMPTY_BODY = YES;
				CLANG_WARN_ENUM_CONVERSION = YES;
				CLANG_WARN_INT_CONVERSION = YES;
				CLANG_WARN_OBJC_ROOT_CLASS = YES_ERROR;
				CLANG_WARN_UNREACHABLE_CODE = YES;
				CLANG_WARN__DUPLICATE_METHOD_MATCH = YES;
				"CODE_SIGN_IDENTITY[sdk=iphoneos*]" = "iPhone Developer";
				COPY_PHASE_STRIP = NO;
				ENABLE_STRICT_OBJC_MSGSEND = YES;
				GCC_C_LANGUAGE_STANDARD = gnu99;
				GCC_DYNAMIC_NO_PIC = NO;
				GCC_OPTIMIZATION_LEVEL = 0;
				GCC_PREPROCESSOR_DEFINITIONS = (
					"DEBUG=1",
					"$(inherited)",
				);
				GCC_SYMBOLS_PRIVATE_EXTERN = NO;
				GCC_WARN_64_TO_32_BIT_CONVERSION = YES;
				GCC_WARN_ABOUT_RETURN_TYPE = YES_ERROR;
				GCC_WARN_UNDECLARED_SELECTOR = YES;
				GCC_WARN_UNINITIALIZED_AUTOS = YES_AGGRESSIVE;
				GCC_WARN_UNUSED_FUNCTION = YES;
				GCC_WARN_UNUSED_VARIABLE = YES;
				IPHONEOS_DEPLOYMENT_TARGET = 8.1;
				MTL_ENABLE_DEBUG_INFO = YES;
				ONLY_ACTIVE_ARCH = YES;
				SDKROOT = iphoneos;
				SWIFT_OPTIMIZATION_LEVEL = "-Onone";
				TARGETED_DEVICE_FAMILY = "1,2";
			};
			name = Debug;
		};
		3A1139381A8240F1008799D7 /* Release */ = {
			isa = XCBuildConfiguration;
			buildSettings = {
				ALWAYS_SEARCH_USER_PATHS = NO;
				CLANG_CXX_LANGUAGE_STANDARD = "gnu++0x";
				CLANG_CXX_LIBRARY = "libc++";
				CLANG_ENABLE_MODULES = YES;
				CLANG_ENABLE_OBJC_ARC = YES;
				CLANG_WARN_BOOL_CONVERSION = YES;
				CLANG_WARN_CONSTANT_CONVERSION = YES;
				CLANG_WARN_DIRECT_OBJC_ISA_USAGE = YES_ERROR;
				CLANG_WARN_EMPTY_BODY = YES;
				CLANG_WARN_ENUM_CONVERSION = YES;
				CLANG_WARN_INT_CONVERSION = YES;
				CLANG_WARN_OBJC_ROOT_CLASS = YES_ERROR;
				CLANG_WARN_UNREACHABLE_CODE = YES;
				CLANG_WARN__DUPLICATE_METHOD_MATCH = YES;
				"CODE_SIGN_IDENTITY[sdk=iphoneos*]" = "iPhone Developer: Rui Song (4U34UGAKYB)";
				COPY_PHASE_STRIP = YES;
				ENABLE_NS_ASSERTIONS = NO;
				ENABLE_STRICT_OBJC_MSGSEND = YES;
				GCC_C_LANGUAGE_STANDARD = gnu99;
				GCC_WARN_64_TO_32_BIT_CONVERSION = YES;
				GCC_WARN_ABOUT_RETURN_TYPE = YES_ERROR;
				GCC_WARN_UNDECLARED_SELECTOR = YES;
				GCC_WARN_UNINITIALIZED_AUTOS = YES_AGGRESSIVE;
				GCC_WARN_UNUSED_FUNCTION = YES;
				GCC_WARN_UNUSED_VARIABLE = YES;
				IPHONEOS_DEPLOYMENT_TARGET = 8.1;
				MTL_ENABLE_DEBUG_INFO = NO;
				SDKROOT = iphoneos;
				TARGETED_DEVICE_FAMILY = "1,2";
				VALIDATE_PRODUCT = YES;
			};
			name = Release;
		};
		3A11393A1A8240F1008799D7 /* Debug */ = {
			isa = XCBuildConfiguration;
			buildSettings = {
				ASSETCATALOG_COMPILER_APPICON_NAME = AppIcon;
				"CODE_SIGN_IDENTITY[sdk=iphoneos*]" = "iPhone Developer: Rui Song (4U34UGAKYB)";
				INFOPLIST_FILE = QRCodeDemo/Info.plist;
				LD_RUNPATH_SEARCH_PATHS = "$(inherited) @executable_path/Frameworks";
				PRODUCT_NAME = "$(TARGET_NAME)";
				PROVISIONING_PROFILE = "";
			};
			name = Debug;
		};
		3A11393B1A8240F1008799D7 /* Release */ = {
			isa = XCBuildConfiguration;
			buildSettings = {
				ASSETCATALOG_COMPILER_APPICON_NAME = AppIcon;
				INFOPLIST_FILE = QRCodeDemo/Info.plist;
				LD_RUNPATH_SEARCH_PATHS = "$(inherited) @executable_path/Frameworks";
				PRODUCT_NAME = "$(TARGET_NAME)";
				PROVISIONING_PROFILE = "";
			};
			name = Release;
		};
		3A11393D1A8240F1008799D7 /* Debug */ = {
			isa = XCBuildConfiguration;
			buildSettings = {
				BUNDLE_LOADER = "$(TEST_HOST)";
				FRAMEWORK_SEARCH_PATHS = (
					"$(SDKROOT)/Developer/Library/Frameworks",
					"$(inherited)",
				);
				GCC_PREPROCESSOR_DEFINITIONS = (
					"DEBUG=1",
					"$(inherited)",
				);
				INFOPLIST_FILE = QRCodeDemoTests/Info.plist;
				LD_RUNPATH_SEARCH_PATHS = "$(inherited) @executable_path/Frameworks @loader_path/Frameworks";
				PRODUCT_NAME = "$(TARGET_NAME)";
				TEST_HOST = "$(BUILT_PRODUCTS_DIR)/QRCodeDemo.app/QRCodeDemo";
			};
			name = Debug;
		};
		3A11393E1A8240F1008799D7 /* Release */ = {
			isa = XCBuildConfiguration;
			buildSettings = {
				BUNDLE_LOADER = "$(TEST_HOST)";
				FRAMEWORK_SEARCH_PATHS = (
					"$(SDKROOT)/Developer/Library/Frameworks",
					"$(inherited)",
				);
				INFOPLIST_FILE = QRCodeDemoTests/Info.plist;
				LD_RUNPATH_SEARCH_PATHS = "$(inherited) @executable_path/Frameworks @loader_path/Frameworks";
				PRODUCT_NAME = "$(TARGET_NAME)";
				TEST_HOST = "$(BUILT_PRODUCTS_DIR)/QRCodeDemo.app/QRCodeDemo";
			};
			name = Release;
		};
/* End XCBuildConfiguration section */

/* Begin XCConfigurationList section */
		3A1139151A8240F1008799D7 /* Build configuration list for PBXProject "QRCodeDemo" */ = {
			isa = XCConfigurationList;
			buildConfigurations = (
				3A1139371A8240F1008799D7 /* Debug */,
				3A1139381A8240F1008799D7 /* Release */,
			);
			defaultConfigurationIsVisible = 0;
			defaultConfigurationName = Release;
		};
		3A1139391A8240F1008799D7 /* Build configuration list for PBXNativeTarget "QRCodeDemo" */ = {
			isa = XCConfigurationList;
			buildConfigurations = (
				3A11393A1A8240F1008799D7 /* Debug */,
				3A11393B1A8240F1008799D7 /* Release */,
			);
			defaultConfigurationIsVisible = 0;
		};
		3A11393C1A8240F1008799D7 /* Build configuration list for PBXNativeTarget "QRCodeDemoTests" */ = {
			isa = XCConfigurationList;
			buildConfigurations = (
				3A11393D1A8240F1008799D7 /* Debug */,
				3A11393E1A8240F1008799D7 /* Release */,
			);
			defaultConfigurationIsVisible = 0;
		};
/* End XCConfigurationList section */
	};
	rootObject = 3A1139121A8240F1008799D7 /* Project object */;
}
